// !$*UTF8*$!
{
	archiveVersion = 1;
	classes = {
	};
	objectVersion = 46;
	objects = {

/* Begin PBXBuildFile section */
		0C32A3051AF315B400A7990B /* SideMenuViewController.swift in Sources */ = {isa = PBXBuildFile; fileRef = 0C32A3041AF315B400A7990B /* SideMenuViewController.swift */; };
		0C47B2A21AEAAAAC00902891 /* AppIcon_180px.png in Resources */ = {isa = PBXBuildFile; fileRef = 0C47B2A11AEAAAAC00902891 /* AppIcon_180px.png */; };
		0C47B2A41AEACC0F00902891 /* Constants.swift in Sources */ = {isa = PBXBuildFile; fileRef = 0C47B2A31AEACC0F00902891 /* Constants.swift */; };
		0C47B2AC1AEC5F9D00902891 /* INBeaconService.m in Sources */ = {isa = PBXBuildFile; fileRef = 0C47B2AB1AEC5F9D00902891 /* INBeaconService.m */; };
		0C47B2AF1AEC5FF400902891 /* CLBeacon+Ext.m in Sources */ = {isa = PBXBuildFile; fileRef = 0C47B2AE1AEC5FF400902891 /* CLBeacon+Ext.m */; };
		0C47B2B61AEC600C00902891 /* CBCentralManager+Ext.m in Sources */ = {isa = PBXBuildFile; fileRef = 0C47B2B11AEC600C00902891 /* CBCentralManager+Ext.m */; };
		0C47B2B71AEC600C00902891 /* CBPeripheralManager+Ext.m in Sources */ = {isa = PBXBuildFile; fileRef = 0C47B2B31AEC600C00902891 /* CBPeripheralManager+Ext.m */; };
		0C47B2B81AEC600C00902891 /* CBUUID+Ext.m in Sources */ = {isa = PBXBuildFile; fileRef = 0C47B2B51AEC600C00902891 /* CBUUID+Ext.m */; };
		0C47B2BC1AEC602700902891 /* GCDUtilities.m in Sources */ = {isa = PBXBuildFile; fileRef = 0C47B2BB1AEC602700902891 /* GCDUtilities.m */; };
		0C47B2BF1AEC603A00902891 /* EasedValue.m in Sources */ = {isa = PBXBuildFile; fileRef = 0C47B2BE1AEC603A00902891 /* EasedValue.m */; };
		0C86246F1AB91A290042CAA8 /* AppDelegate.swift in Sources */ = {isa = PBXBuildFile; fileRef = 0C86246E1AB91A290042CAA8 /* AppDelegate.swift */; };
		0C8624741AB91A290042CAA8 /* Main.storyboard in Resources */ = {isa = PBXBuildFile; fileRef = 0C8624721AB91A290042CAA8 /* Main.storyboard */; };
		0C8624761AB91A290042CAA8 /* Images.xcassets in Resources */ = {isa = PBXBuildFile; fileRef = 0C8624751AB91A290042CAA8 /* Images.xcassets */; };
		0C8624851AB91A290042CAA8 /* WatchListTests.swift in Sources */ = {isa = PBXBuildFile; fileRef = 0C8624841AB91A290042CAA8 /* WatchListTests.swift */; };
		0C8624911AB91E640042CAA8 /* README.md in Sources */ = {isa = PBXBuildFile; fileRef = 0C8624901AB91E630042CAA8 /* README.md */; };
		0C9FBD3C1AE6F691001FB601 /* InterfaceController.swift in Sources */ = {isa = PBXBuildFile; fileRef = 0C9FBD3B1AE6F691001FB601 /* InterfaceController.swift */; };
		0C9FBD3E1AE6F691001FB601 /* NotificationController.swift in Sources */ = {isa = PBXBuildFile; fileRef = 0C9FBD3D1AE6F691001FB601 /* NotificationController.swift */; };
		0C9FBD401AE6F691001FB601 /* Images.xcassets in Resources */ = {isa = PBXBuildFile; fileRef = 0C9FBD3F1AE6F691001FB601 /* Images.xcassets */; };
		0C9FBD441AE6F691001FB601 /* WatchList WatchKit App.app in Resources */ = {isa = PBXBuildFile; fileRef = 0C9FBD431AE6F691001FB601 /* WatchList WatchKit App.app */; };
		0C9FBD4C1AE6F691001FB601 /* Interface.storyboard in Resources */ = {isa = PBXBuildFile; fileRef = 0C9FBD4A1AE6F691001FB601 /* Interface.storyboard */; };
		0C9FBD4E1AE6F691001FB601 /* Images.xcassets in Resources */ = {isa = PBXBuildFile; fileRef = 0C9FBD4D1AE6F691001FB601 /* Images.xcassets */; };
		0C9FBD511AE6F691001FB601 /* WatchList WatchKit Extension.appex in Embed App Extensions */ = {isa = PBXBuildFile; fileRef = 0C9FBD361AE6F690001FB601 /* WatchList WatchKit Extension.appex */; settings = {ATTRIBUTES = (RemoveHeadersOnCopy, ); }; };
		0C9FBD5A1AE8466A001FB601 /* MainViewController.swift in Sources */ = {isa = PBXBuildFile; fileRef = 0C9FBD591AE8466A001FB601 /* MainViewController.swift */; };
		0C9FBD5C1AE84684001FB601 /* BeaconConfigViewController.swift in Sources */ = {isa = PBXBuildFile; fileRef = 0C9FBD5B1AE84684001FB601 /* BeaconConfigViewController.swift */; };
		0C9FBD5E1AE846A7001FB601 /* AddFriendsViewController.swift in Sources */ = {isa = PBXBuildFile; fileRef = 0C9FBD5D1AE846A7001FB601 /* AddFriendsViewController.swift */; };
		6FCA823CDC61782C17C134DF /* libPods.a in Frameworks */ = {isa = PBXBuildFile; fileRef = 6659FFF1CE1835731688002B /* libPods.a */; };
		9B0622861AF977DF002E161B /* SignupViewController.swift in Sources */ = {isa = PBXBuildFile; fileRef = 9B0622851AF977DF002E161B /* SignupViewController.swift */; };
		9B35DE1D1AF5943A009E37B8 /* AssetsLibrary.framework in Frameworks */ = {isa = PBXBuildFile; fileRef = 9B35DE1C1AF5943A009E37B8 /* AssetsLibrary.framework */; };
		9B4367911AEECD420001B432 /* UserClass.swift in Sources */ = {isa = PBXBuildFile; fileRef = 9B4367901AEECD420001B432 /* UserClass.swift */; };
		9B491DBB1AF05DBB00C0DD8B /* WatchList.xcdatamodeld in Sources */ = {isa = PBXBuildFile; fileRef = 9B491DB91AF05DBB00C0DD8B /* WatchList.xcdatamodeld */; };
		9B491DC51AF0683A00C0DD8B /* WatchList.xcdatamodeld in Sources */ = {isa = PBXBuildFile; fileRef = 9B491DB91AF05DBB00C0DD8B /* WatchList.xcdatamodeld */; };
		9B491DC61AF0683C00C0DD8B /* WatchList.xcdatamodeld in Sources */ = {isa = PBXBuildFile; fileRef = 9B491DB91AF05DBB00C0DD8B /* WatchList.xcdatamodeld */; };
		9B7E02A91AF02B840001C924 /* DataBridge.h in Headers */ = {isa = PBXBuildFile; fileRef = 9B7E02A81AF02B840001C924 /* DataBridge.h */; settings = {ATTRIBUTES = (Public, ); }; };
		9B7E02AF1AF02B850001C924 /* DataBridge.framework in Frameworks */ = {isa = PBXBuildFile; fileRef = 9B7E02A41AF02B840001C924 /* DataBridge.framework */; };
		9B7E02B81AF02B850001C924 /* DataBridgeTests.swift in Sources */ = {isa = PBXBuildFile; fileRef = 9B7E02B71AF02B850001C924 /* DataBridgeTests.swift */; };
		9B7E02BB1AF02B850001C924 /* DataBridge.framework in Frameworks */ = {isa = PBXBuildFile; fileRef = 9B7E02A41AF02B840001C924 /* DataBridge.framework */; };
		9B7E02BC1AF02B850001C924 /* DataBridge.framework in Embed Frameworks */ = {isa = PBXBuildFile; fileRef = 9B7E02A41AF02B840001C924 /* DataBridge.framework */; settings = {ATTRIBUTES = (CodeSignOnCopy, RemoveHeadersOnCopy, ); }; };
		9B7E02C51AF02BAE0001C924 /* CoreDataStack.swift in Sources */ = {isa = PBXBuildFile; fileRef = 9B7E02C41AF02BAE0001C924 /* CoreDataStack.swift */; };
		9B883E1B1AF4177E0000EC53 /* CoreDataStack.swift in Sources */ = {isa = PBXBuildFile; fileRef = 9B7E02C41AF02BAE0001C924 /* CoreDataStack.swift */; };
		9B8B42551AE8D53B0010F7EB /* tableRowController.swift in Sources */ = {isa = PBXBuildFile; fileRef = 9B8B42541AE8D53B0010F7EB /* tableRowController.swift */; };
		9BCB738B1AF4849C001C081C /* Parse.framework in Frameworks */ = {isa = PBXBuildFile; fileRef = 9BCB738A1AF4849C001C081C /* Parse.framework */; };
		9BCB738D1AF484A7001C081C /* Bolts.framework in Frameworks */ = {isa = PBXBuildFile; fileRef = 9BCB738C1AF484A7001C081C /* Bolts.framework */; };
		9BCB73991AF4856F001C081C /* AudioToolbox.framework in Frameworks */ = {isa = PBXBuildFile; fileRef = 9BCB738E1AF4856F001C081C /* AudioToolbox.framework */; };
		9BCB739A1AF4856F001C081C /* CFNetwork.framework in Frameworks */ = {isa = PBXBuildFile; fileRef = 9BCB738F1AF4856F001C081C /* CFNetwork.framework */; };
		9BCB739B1AF4856F001C081C /* CoreGraphics.framework in Frameworks */ = {isa = PBXBuildFile; fileRef = 9BCB73901AF4856F001C081C /* CoreGraphics.framework */; };
		9BCB739C1AF4856F001C081C /* CoreLocation.framework in Frameworks */ = {isa = PBXBuildFile; fileRef = 9BCB73911AF4856F001C081C /* CoreLocation.framework */; };
		9BCB739D1AF4856F001C081C /* libsqlite3.dylib in Frameworks */ = {isa = PBXBuildFile; fileRef = 9BCB73921AF4856F001C081C /* libsqlite3.dylib */; };
		9BCB739E1AF4856F001C081C /* libz.dylib in Frameworks */ = {isa = PBXBuildFile; fileRef = 9BCB73931AF4856F001C081C /* libz.dylib */; };
		9BCB739F1AF4856F001C081C /* MobileCoreServices.framework in Frameworks */ = {isa = PBXBuildFile; fileRef = 9BCB73941AF4856F001C081C /* MobileCoreServices.framework */; };
		9BCB73A01AF4856F001C081C /* QuartzCore.framework in Frameworks */ = {isa = PBXBuildFile; fileRef = 9BCB73951AF4856F001C081C /* QuartzCore.framework */; };
		9BCB73A11AF4856F001C081C /* Security.framework in Frameworks */ = {isa = PBXBuildFile; fileRef = 9BCB73961AF4856F001C081C /* Security.framework */; };
		9BCB73A21AF4856F001C081C /* StoreKit.framework in Frameworks */ = {isa = PBXBuildFile; fileRef = 9BCB73971AF4856F001C081C /* StoreKit.framework */; };
		9BCB73A31AF4856F001C081C /* SystemConfiguration.framework in Frameworks */ = {isa = PBXBuildFile; fileRef = 9BCB73981AF4856F001C081C /* SystemConfiguration.framework */; };
		9BCB73A51AF48893001C081C /* Social.framework in Frameworks */ = {isa = PBXBuildFile; fileRef = 9BCB73A41AF48893001C081C /* Social.framework */; };
		9BCB73A71AF488D3001C081C /* Accounts.framework in Frameworks */ = {isa = PBXBuildFile; fileRef = 9BCB73A61AF488D3001C081C /* Accounts.framework */; };
		9BCB73A91AF48ABC001C081C /* ParseUI.framework in Frameworks */ = {isa = PBXBuildFile; fileRef = 9BCB73A81AF48ABC001C081C /* ParseUI.framework */; };
		9BCB73AB1AF492E1001C081C /* LoginViewController.swift in Sources */ = {isa = PBXBuildFile; fileRef = 9BCB73AA1AF492E1001C081C /* LoginViewController.swift */; };
		9BD509E21AFAE39F00AD3C09 /* User.swift in Sources */ = {isa = PBXBuildFile; fileRef = 9BD509E11AFAE39F00AD3C09 /* User.swift */; };
		9BE48BB41AEEF8AD005BEF9E /* TableViewCell.swift in Sources */ = {isa = PBXBuildFile; fileRef = 9BE48BB31AEEF8AD005BEF9E /* TableViewCell.swift */; };
/* End PBXBuildFile section */

/* Begin PBXContainerItemProxy section */
		0C86247F1AB91A290042CAA8 /* PBXContainerItemProxy */ = {
			isa = PBXContainerItemProxy;
			containerPortal = 0C8624611AB91A290042CAA8 /* Project object */;
			proxyType = 1;
			remoteGlobalIDString = 0C8624681AB91A290042CAA8;
			remoteInfo = WatchList;
		};
		0C9FBD451AE6F691001FB601 /* PBXContainerItemProxy */ = {
			isa = PBXContainerItemProxy;
			containerPortal = 0C8624611AB91A290042CAA8 /* Project object */;
			proxyType = 1;
			remoteGlobalIDString = 0C9FBD421AE6F691001FB601;
			remoteInfo = "WatchList WatchKit App";
		};
		0C9FBD4F1AE6F691001FB601 /* PBXContainerItemProxy */ = {
			isa = PBXContainerItemProxy;
			containerPortal = 0C8624611AB91A290042CAA8 /* Project object */;
			proxyType = 1;
			remoteGlobalIDString = 0C9FBD351AE6F690001FB601;
			remoteInfo = "WatchList WatchKit Extension";
		};
		9B7E02B01AF02B850001C924 /* PBXContainerItemProxy */ = {
			isa = PBXContainerItemProxy;
			containerPortal = 0C8624611AB91A290042CAA8 /* Project object */;
			proxyType = 1;
			remoteGlobalIDString = 9B7E02A31AF02B840001C924;
			remoteInfo = DataBridge;
		};
		9B7E02B21AF02B850001C924 /* PBXContainerItemProxy */ = {
			isa = PBXContainerItemProxy;
			containerPortal = 0C8624611AB91A290042CAA8 /* Project object */;
			proxyType = 1;
			remoteGlobalIDString = 0C8624681AB91A290042CAA8;
			remoteInfo = WatchList;
		};
		9B7E02B91AF02B850001C924 /* PBXContainerItemProxy */ = {
			isa = PBXContainerItemProxy;
			containerPortal = 0C8624611AB91A290042CAA8 /* Project object */;
			proxyType = 1;
			remoteGlobalIDString = 9B7E02A31AF02B840001C924;
			remoteInfo = DataBridge;
		};
/* End PBXContainerItemProxy section */

/* Begin PBXCopyFilesBuildPhase section */
		0C9FBD581AE6F691001FB601 /* Embed App Extensions */ = {
			isa = PBXCopyFilesBuildPhase;
			buildActionMask = 2147483647;
			dstPath = "";
			dstSubfolderSpec = 13;
			files = (
				0C9FBD511AE6F691001FB601 /* WatchList WatchKit Extension.appex in Embed App Extensions */,
			);
			name = "Embed App Extensions";
			runOnlyForDeploymentPostprocessing = 0;
		};
		9B7E02C01AF02B850001C924 /* Embed Frameworks */ = {
			isa = PBXCopyFilesBuildPhase;
			buildActionMask = 2147483647;
			dstPath = "";
			dstSubfolderSpec = 10;
			files = (
				9B7E02BC1AF02B850001C924 /* DataBridge.framework in Embed Frameworks */,
			);
			name = "Embed Frameworks";
			runOnlyForDeploymentPostprocessing = 0;
		};
/* End PBXCopyFilesBuildPhase section */

/* Begin PBXFileReference section */
		0C32A3011AF1B65800A7990B /* Podfile */ = {isa = PBXFileReference; lastKnownFileType = text; path = Podfile; sourceTree = "<group>"; };
		0C32A3041AF315B400A7990B /* SideMenuViewController.swift */ = {isa = PBXFileReference; fileEncoding = 4; lastKnownFileType = sourcecode.swift; path = SideMenuViewController.swift; sourceTree = "<group>"; };
		0C47B2A11AEAAAAC00902891 /* AppIcon_180px.png */ = {isa = PBXFileReference; lastKnownFileType = image.png; path = AppIcon_180px.png; sourceTree = "<group>"; };
		0C47B2A31AEACC0F00902891 /* Constants.swift */ = {isa = PBXFileReference; fileEncoding = 4; lastKnownFileType = sourcecode.swift; path = Constants.swift; sourceTree = "<group>"; };
		0C47B2A91AEC5F9C00902891 /* WatchList-Bridging-Header.h */ = {isa = PBXFileReference; lastKnownFileType = sourcecode.c.h; name = "WatchList-Bridging-Header.h"; path = "3rdParty/Vicinity/WatchList-Bridging-Header.h"; sourceTree = "<group>"; };
		0C47B2AA1AEC5F9D00902891 /* INBeaconService.h */ = {isa = PBXFileReference; fileEncoding = 4; lastKnownFileType = sourcecode.c.h; path = INBeaconService.h; sourceTree = "<group>"; };
		0C47B2AB1AEC5F9D00902891 /* INBeaconService.m */ = {isa = PBXFileReference; fileEncoding = 4; lastKnownFileType = sourcecode.c.objc; path = INBeaconService.m; sourceTree = "<group>"; };
		0C47B2AD1AEC5FF400902891 /* CLBeacon+Ext.h */ = {isa = PBXFileReference; fileEncoding = 4; lastKnownFileType = sourcecode.c.h; path = "CLBeacon+Ext.h"; sourceTree = "<group>"; };
		0C47B2AE1AEC5FF400902891 /* CLBeacon+Ext.m */ = {isa = PBXFileReference; fileEncoding = 4; lastKnownFileType = sourcecode.c.objc; path = "CLBeacon+Ext.m"; sourceTree = "<group>"; };
		0C47B2B01AEC600C00902891 /* CBCentralManager+Ext.h */ = {isa = PBXFileReference; fileEncoding = 4; lastKnownFileType = sourcecode.c.h; path = "CBCentralManager+Ext.h"; sourceTree = "<group>"; };
		0C47B2B11AEC600C00902891 /* CBCentralManager+Ext.m */ = {isa = PBXFileReference; fileEncoding = 4; lastKnownFileType = sourcecode.c.objc; path = "CBCentralManager+Ext.m"; sourceTree = "<group>"; };
		0C47B2B21AEC600C00902891 /* CBPeripheralManager+Ext.h */ = {isa = PBXFileReference; fileEncoding = 4; lastKnownFileType = sourcecode.c.h; path = "CBPeripheralManager+Ext.h"; sourceTree = "<group>"; };
		0C47B2B31AEC600C00902891 /* CBPeripheralManager+Ext.m */ = {isa = PBXFileReference; fileEncoding = 4; lastKnownFileType = sourcecode.c.objc; path = "CBPeripheralManager+Ext.m"; sourceTree = "<group>"; };
		0C47B2B41AEC600C00902891 /* CBUUID+Ext.h */ = {isa = PBXFileReference; fileEncoding = 4; lastKnownFileType = sourcecode.c.h; path = "CBUUID+Ext.h"; sourceTree = "<group>"; };
		0C47B2B51AEC600C00902891 /* CBUUID+Ext.m */ = {isa = PBXFileReference; fileEncoding = 4; lastKnownFileType = sourcecode.c.objc; path = "CBUUID+Ext.m"; sourceTree = "<group>"; };
		0C47B2B91AEC602700902891 /* GCDSingleton.h */ = {isa = PBXFileReference; fileEncoding = 4; lastKnownFileType = sourcecode.c.h; path = GCDSingleton.h; sourceTree = "<group>"; };
		0C47B2BA1AEC602700902891 /* GCDUtilities.h */ = {isa = PBXFileReference; fileEncoding = 4; lastKnownFileType = sourcecode.c.h; path = GCDUtilities.h; sourceTree = "<group>"; };
		0C47B2BB1AEC602700902891 /* GCDUtilities.m */ = {isa = PBXFileReference; fileEncoding = 4; lastKnownFileType = sourcecode.c.objc; path = GCDUtilities.m; sourceTree = "<group>"; };
		0C47B2BD1AEC603A00902891 /* EasedValue.h */ = {isa = PBXFileReference; fileEncoding = 4; lastKnownFileType = sourcecode.c.h; path = EasedValue.h; sourceTree = "<group>"; };
		0C47B2BE1AEC603A00902891 /* EasedValue.m */ = {isa = PBXFileReference; fileEncoding = 4; lastKnownFileType = sourcecode.c.objc; path = EasedValue.m; sourceTree = "<group>"; };
		0C8624691AB91A290042CAA8 /* WatchList.app */ = {isa = PBXFileReference; explicitFileType = wrapper.application; includeInIndex = 0; path = WatchList.app; sourceTree = BUILT_PRODUCTS_DIR; };
		0C86246D1AB91A290042CAA8 /* Info.plist */ = {isa = PBXFileReference; lastKnownFileType = text.plist.xml; path = Info.plist; sourceTree = "<group>"; };
		0C86246E1AB91A290042CAA8 /* AppDelegate.swift */ = {isa = PBXFileReference; lastKnownFileType = sourcecode.swift; path = AppDelegate.swift; sourceTree = "<group>"; };
		0C8624731AB91A290042CAA8 /* Base */ = {isa = PBXFileReference; lastKnownFileType = file.storyboard; name = Base; path = Base.lproj/Main.storyboard; sourceTree = "<group>"; };
		0C8624751AB91A290042CAA8 /* Images.xcassets */ = {isa = PBXFileReference; lastKnownFileType = folder.assetcatalog; path = Images.xcassets; sourceTree = "<group>"; };
		0C86247E1AB91A290042CAA8 /* WatchListTests.xctest */ = {isa = PBXFileReference; explicitFileType = wrapper.cfbundle; includeInIndex = 0; path = WatchListTests.xctest; sourceTree = BUILT_PRODUCTS_DIR; };
		0C8624831AB91A290042CAA8 /* Info.plist */ = {isa = PBXFileReference; lastKnownFileType = text.plist.xml; path = Info.plist; sourceTree = "<group>"; };
		0C8624841AB91A290042CAA8 /* WatchListTests.swift */ = {isa = PBXFileReference; lastKnownFileType = sourcecode.swift; path = WatchListTests.swift; sourceTree = "<group>"; };
		0C8624901AB91E630042CAA8 /* README.md */ = {isa = PBXFileReference; fileEncoding = 4; lastKnownFileType = net.daringfireball.markdown; path = README.md; sourceTree = "<group>"; };
		0C9FBD361AE6F690001FB601 /* WatchList WatchKit Extension.appex */ = {isa = PBXFileReference; explicitFileType = "wrapper.app-extension"; includeInIndex = 0; path = "WatchList WatchKit Extension.appex"; sourceTree = BUILT_PRODUCTS_DIR; };
		0C9FBD391AE6F691001FB601 /* Info.plist */ = {isa = PBXFileReference; lastKnownFileType = text.plist.xml; path = Info.plist; sourceTree = "<group>"; };
		0C9FBD3A1AE6F691001FB601 /* PushNotificationPayload.apns */ = {isa = PBXFileReference; lastKnownFileType = text; path = PushNotificationPayload.apns; sourceTree = "<group>"; };
		0C9FBD3B1AE6F691001FB601 /* InterfaceController.swift */ = {isa = PBXFileReference; lastKnownFileType = sourcecode.swift; path = InterfaceController.swift; sourceTree = "<group>"; };
		0C9FBD3D1AE6F691001FB601 /* NotificationController.swift */ = {isa = PBXFileReference; lastKnownFileType = sourcecode.swift; path = NotificationController.swift; sourceTree = "<group>"; };
		0C9FBD3F1AE6F691001FB601 /* Images.xcassets */ = {isa = PBXFileReference; lastKnownFileType = folder.assetcatalog; path = Images.xcassets; sourceTree = "<group>"; };
		0C9FBD431AE6F691001FB601 /* WatchList WatchKit App.app */ = {isa = PBXFileReference; explicitFileType = wrapper.application; includeInIndex = 0; path = "WatchList WatchKit App.app"; sourceTree = BUILT_PRODUCTS_DIR; };
		0C9FBD491AE6F691001FB601 /* Info.plist */ = {isa = PBXFileReference; lastKnownFileType = text.plist.xml; path = Info.plist; sourceTree = "<group>"; };
		0C9FBD4B1AE6F691001FB601 /* Base */ = {isa = PBXFileReference; lastKnownFileType = file.storyboard; name = Base; path = Base.lproj/Interface.storyboard; sourceTree = "<group>"; };
		0C9FBD4D1AE6F691001FB601 /* Images.xcassets */ = {isa = PBXFileReference; lastKnownFileType = folder.assetcatalog; path = Images.xcassets; sourceTree = "<group>"; };
		0C9FBD591AE8466A001FB601 /* MainViewController.swift */ = {isa = PBXFileReference; fileEncoding = 4; lastKnownFileType = sourcecode.swift; path = MainViewController.swift; sourceTree = "<group>"; };
		0C9FBD5B1AE84684001FB601 /* BeaconConfigViewController.swift */ = {isa = PBXFileReference; fileEncoding = 4; lastKnownFileType = sourcecode.swift; path = BeaconConfigViewController.swift; sourceTree = "<group>"; };
		0C9FBD5D1AE846A7001FB601 /* AddFriendsViewController.swift */ = {isa = PBXFileReference; fileEncoding = 4; lastKnownFileType = sourcecode.swift; path = AddFriendsViewController.swift; sourceTree = "<group>"; };
		6659FFF1CE1835731688002B /* libPods.a */ = {isa = PBXFileReference; explicitFileType = archive.ar; includeInIndex = 0; path = libPods.a; sourceTree = BUILT_PRODUCTS_DIR; };
		9B0622851AF977DF002E161B /* SignupViewController.swift */ = {isa = PBXFileReference; fileEncoding = 4; lastKnownFileType = sourcecode.swift; path = SignupViewController.swift; sourceTree = "<group>"; };
		9B35DE1C1AF5943A009E37B8 /* AssetsLibrary.framework */ = {isa = PBXFileReference; lastKnownFileType = wrapper.framework; name = AssetsLibrary.framework; path = System/Library/Frameworks/AssetsLibrary.framework; sourceTree = SDKROOT; };
		9B43678F1AEEC2150001B432 /* WatchList.entitlements */ = {isa = PBXFileReference; lastKnownFileType = text.xml; path = WatchList.entitlements; sourceTree = "<group>"; };
		9B4367901AEECD420001B432 /* UserClass.swift */ = {isa = PBXFileReference; fileEncoding = 4; lastKnownFileType = sourcecode.swift; path = UserClass.swift; sourceTree = "<group>"; };
		9B491DB81AF0523700C0DD8B /* WatchList WatchKit Extension.entitlements */ = {isa = PBXFileReference; lastKnownFileType = text.xml; path = "WatchList WatchKit Extension.entitlements"; sourceTree = "<group>"; };
		9B491DBA1AF05DBB00C0DD8B /* WatchList.xcdatamodel */ = {isa = PBXFileReference; lastKnownFileType = wrapper.xcdatamodel; path = WatchList.xcdatamodel; sourceTree = "<group>"; };
		9B7E02A41AF02B840001C924 /* DataBridge.framework */ = {isa = PBXFileReference; explicitFileType = wrapper.framework; includeInIndex = 0; path = DataBridge.framework; sourceTree = BUILT_PRODUCTS_DIR; };
		9B7E02A71AF02B840001C924 /* Info.plist */ = {isa = PBXFileReference; lastKnownFileType = text.plist.xml; path = Info.plist; sourceTree = "<group>"; };
		9B7E02A81AF02B840001C924 /* DataBridge.h */ = {isa = PBXFileReference; lastKnownFileType = sourcecode.c.h; path = DataBridge.h; sourceTree = "<group>"; };
		9B7E02AE1AF02B850001C924 /* DataBridgeTests.xctest */ = {isa = PBXFileReference; explicitFileType = wrapper.cfbundle; includeInIndex = 0; path = DataBridgeTests.xctest; sourceTree = BUILT_PRODUCTS_DIR; };
		9B7E02B61AF02B850001C924 /* Info.plist */ = {isa = PBXFileReference; lastKnownFileType = text.plist.xml; path = Info.plist; sourceTree = "<group>"; };
		9B7E02B71AF02B850001C924 /* DataBridgeTests.swift */ = {isa = PBXFileReference; lastKnownFileType = sourcecode.swift; path = DataBridgeTests.swift; sourceTree = "<group>"; };
		9B7E02C41AF02BAE0001C924 /* CoreDataStack.swift */ = {isa = PBXFileReference; fileEncoding = 4; lastKnownFileType = sourcecode.swift; path = CoreDataStack.swift; sourceTree = "<group>"; };
		9B8B42541AE8D53B0010F7EB /* tableRowController.swift */ = {isa = PBXFileReference; fileEncoding = 4; lastKnownFileType = sourcecode.swift; name = tableRowController.swift; path = ../WatchList/tableRowController.swift; sourceTree = "<group>"; };
		9BCB738A1AF4849C001C081C /* Parse.framework */ = {isa = PBXFileReference; lastKnownFileType = wrapper.framework; path = Parse.framework; sourceTree = "<group>"; };
		9BCB738C1AF484A7001C081C /* Bolts.framework */ = {isa = PBXFileReference; lastKnownFileType = wrapper.framework; path = Bolts.framework; sourceTree = "<group>"; };
		9BCB738E1AF4856F001C081C /* AudioToolbox.framework */ = {isa = PBXFileReference; lastKnownFileType = wrapper.framework; name = AudioToolbox.framework; path = System/Library/Frameworks/AudioToolbox.framework; sourceTree = SDKROOT; };
		9BCB738F1AF4856F001C081C /* CFNetwork.framework */ = {isa = PBXFileReference; lastKnownFileType = wrapper.framework; name = CFNetwork.framework; path = System/Library/Frameworks/CFNetwork.framework; sourceTree = SDKROOT; };
		9BCB73901AF4856F001C081C /* CoreGraphics.framework */ = {isa = PBXFileReference; lastKnownFileType = wrapper.framework; name = CoreGraphics.framework; path = System/Library/Frameworks/CoreGraphics.framework; sourceTree = SDKROOT; };
		9BCB73911AF4856F001C081C /* CoreLocation.framework */ = {isa = PBXFileReference; lastKnownFileType = wrapper.framework; name = CoreLocation.framework; path = System/Library/Frameworks/CoreLocation.framework; sourceTree = SDKROOT; };
		9BCB73921AF4856F001C081C /* libsqlite3.dylib */ = {isa = PBXFileReference; lastKnownFileType = "compiled.mach-o.dylib"; name = libsqlite3.dylib; path = usr/lib/libsqlite3.dylib; sourceTree = SDKROOT; };
		9BCB73931AF4856F001C081C /* libz.dylib */ = {isa = PBXFileReference; lastKnownFileType = "compiled.mach-o.dylib"; name = libz.dylib; path = usr/lib/libz.dylib; sourceTree = SDKROOT; };
		9BCB73941AF4856F001C081C /* MobileCoreServices.framework */ = {isa = PBXFileReference; lastKnownFileType = wrapper.framework; name = MobileCoreServices.framework; path = System/Library/Frameworks/MobileCoreServices.framework; sourceTree = SDKROOT; };
		9BCB73951AF4856F001C081C /* QuartzCore.framework */ = {isa = PBXFileReference; lastKnownFileType = wrapper.framework; name = QuartzCore.framework; path = System/Library/Frameworks/QuartzCore.framework; sourceTree = SDKROOT; };
		9BCB73961AF4856F001C081C /* Security.framework */ = {isa = PBXFileReference; lastKnownFileType = wrapper.framework; name = Security.framework; path = System/Library/Frameworks/Security.framework; sourceTree = SDKROOT; };
		9BCB73971AF4856F001C081C /* StoreKit.framework */ = {isa = PBXFileReference; lastKnownFileType = wrapper.framework; name = StoreKit.framework; path = System/Library/Frameworks/StoreKit.framework; sourceTree = SDKROOT; };
		9BCB73981AF4856F001C081C /* SystemConfiguration.framework */ = {isa = PBXFileReference; lastKnownFileType = wrapper.framework; name = SystemConfiguration.framework; path = System/Library/Frameworks/SystemConfiguration.framework; sourceTree = SDKROOT; };
		9BCB73A41AF48893001C081C /* Social.framework */ = {isa = PBXFileReference; lastKnownFileType = wrapper.framework; name = Social.framework; path = System/Library/Frameworks/Social.framework; sourceTree = SDKROOT; };
		9BCB73A61AF488D3001C081C /* Accounts.framework */ = {isa = PBXFileReference; lastKnownFileType = wrapper.framework; name = Accounts.framework; path = System/Library/Frameworks/Accounts.framework; sourceTree = SDKROOT; };
		9BCB73A81AF48ABC001C081C /* ParseUI.framework */ = {isa = PBXFileReference; lastKnownFileType = wrapper.framework; path = ParseUI.framework; sourceTree = "<group>"; };
		9BCB73AA1AF492E1001C081C /* LoginViewController.swift */ = {isa = PBXFileReference; fileEncoding = 4; lastKnownFileType = sourcecode.swift; path = LoginViewController.swift; sourceTree = "<group>"; };
		9BD509E11AFAE39F00AD3C09 /* User.swift */ = {isa = PBXFileReference; fileEncoding = 4; lastKnownFileType = sourcecode.swift; path = User.swift; sourceTree = "<group>"; };
		9BE48BB31AEEF8AD005BEF9E /* TableViewCell.swift */ = {isa = PBXFileReference; fileEncoding = 4; lastKnownFileType = sourcecode.swift; path = TableViewCell.swift; sourceTree = "<group>"; };
		ACD7BA99A6DC660F9101D519 /* Pods.release.xcconfig */ = {isa = PBXFileReference; includeInIndex = 1; lastKnownFileType = text.xcconfig; name = Pods.release.xcconfig; path = "Pods/Target Support Files/Pods/Pods.release.xcconfig"; sourceTree = "<group>"; };
		ED251A3F227B042C86EF8C9E /* Pods.debug.xcconfig */ = {isa = PBXFileReference; includeInIndex = 1; lastKnownFileType = text.xcconfig; name = Pods.debug.xcconfig; path = "Pods/Target Support Files/Pods/Pods.debug.xcconfig"; sourceTree = "<group>"; };
/* End PBXFileReference section */

/* Begin PBXFrameworksBuildPhase section */
		0C8624661AB91A290042CAA8 /* Frameworks */ = {
			isa = PBXFrameworksBuildPhase;
			buildActionMask = 2147483647;
			files = (
				9B35DE1D1AF5943A009E37B8 /* AssetsLibrary.framework in Frameworks */,
				9BCB73A91AF48ABC001C081C /* ParseUI.framework in Frameworks */,
				9BCB73A71AF488D3001C081C /* Accounts.framework in Frameworks */,
				9BCB73A51AF48893001C081C /* Social.framework in Frameworks */,
				9BCB73991AF4856F001C081C /* AudioToolbox.framework in Frameworks */,
				9BCB739A1AF4856F001C081C /* CFNetwork.framework in Frameworks */,
				9BCB739B1AF4856F001C081C /* CoreGraphics.framework in Frameworks */,
				9BCB739C1AF4856F001C081C /* CoreLocation.framework in Frameworks */,
				9BCB739D1AF4856F001C081C /* libsqlite3.dylib in Frameworks */,
				9BCB739E1AF4856F001C081C /* libz.dylib in Frameworks */,
				9BCB739F1AF4856F001C081C /* MobileCoreServices.framework in Frameworks */,
				9BCB73A01AF4856F001C081C /* QuartzCore.framework in Frameworks */,
				9BCB73A11AF4856F001C081C /* Security.framework in Frameworks */,
				9BCB73A21AF4856F001C081C /* StoreKit.framework in Frameworks */,
				9BCB73A31AF4856F001C081C /* SystemConfiguration.framework in Frameworks */,
				9B7E02BB1AF02B850001C924 /* DataBridge.framework in Frameworks */,
				9BCB738B1AF4849C001C081C /* Parse.framework in Frameworks */,
				6FCA823CDC61782C17C134DF /* libPods.a in Frameworks */,
				9BCB738D1AF484A7001C081C /* Bolts.framework in Frameworks */,
			);
			runOnlyForDeploymentPostprocessing = 0;
		};
		0C86247B1AB91A290042CAA8 /* Frameworks */ = {
			isa = PBXFrameworksBuildPhase;
			buildActionMask = 2147483647;
			files = (
			);
			runOnlyForDeploymentPostprocessing = 0;
		};
		0C9FBD331AE6F690001FB601 /* Frameworks */ = {
			isa = PBXFrameworksBuildPhase;
			buildActionMask = 2147483647;
			files = (
			);
			runOnlyForDeploymentPostprocessing = 0;
		};
		9B7E02A01AF02B840001C924 /* Frameworks */ = {
			isa = PBXFrameworksBuildPhase;
			buildActionMask = 2147483647;
			files = (
			);
			runOnlyForDeploymentPostprocessing = 0;
		};
		9B7E02AB1AF02B850001C924 /* Frameworks */ = {
			isa = PBXFrameworksBuildPhase;
			buildActionMask = 2147483647;
			files = (
				9B7E02AF1AF02B850001C924 /* DataBridge.framework in Frameworks */,
			);
			runOnlyForDeploymentPostprocessing = 0;
		};
/* End PBXFrameworksBuildPhase section */

/* Begin PBXGroup section */
		0C47B2A71AEC5F6D00902891 /* 3rdParty */ = {
			isa = PBXGroup;
			children = (
				0C47B2A81AEC5F7F00902891 /* Vicinity */,
			);
			path = 3rdParty;
			sourceTree = "<group>";
		};
		0C47B2A81AEC5F7F00902891 /* Vicinity */ = {
			isa = PBXGroup;
			children = (
				0C47B2AA1AEC5F9D00902891 /* INBeaconService.h */,
				0C47B2AB1AEC5F9D00902891 /* INBeaconService.m */,
				0C47B2AD1AEC5FF400902891 /* CLBeacon+Ext.h */,
				0C47B2AE1AEC5FF400902891 /* CLBeacon+Ext.m */,
				0C47B2B01AEC600C00902891 /* CBCentralManager+Ext.h */,
				0C47B2B11AEC600C00902891 /* CBCentralManager+Ext.m */,
				0C47B2B21AEC600C00902891 /* CBPeripheralManager+Ext.h */,
				0C47B2B31AEC600C00902891 /* CBPeripheralManager+Ext.m */,
				0C47B2B41AEC600C00902891 /* CBUUID+Ext.h */,
				0C47B2B51AEC600C00902891 /* CBUUID+Ext.m */,
				0C47B2B91AEC602700902891 /* GCDSingleton.h */,
				0C47B2BA1AEC602700902891 /* GCDUtilities.h */,
				0C47B2BB1AEC602700902891 /* GCDUtilities.m */,
				0C47B2BD1AEC603A00902891 /* EasedValue.h */,
				0C47B2BE1AEC603A00902891 /* EasedValue.m */,
			);
			path = Vicinity;
			sourceTree = "<group>";
		};
		0C8624601AB91A290042CAA8 = {
			isa = PBXGroup;
			children = (
				0C8624901AB91E630042CAA8 /* README.md */,
				0C32A3011AF1B65800A7990B /* Podfile */,
				0C86246B1AB91A290042CAA8 /* WatchList */,
				0C8624811AB91A290042CAA8 /* WatchListTests */,
				0C9FBD371AE6F691001FB601 /* WatchList WatchKit Extension */,
				0C9FBD471AE6F691001FB601 /* WatchList WatchKit App */,
				9B7E02A51AF02B840001C924 /* DataBridge */,
				9B7E02B41AF02B850001C924 /* DataBridgeTests */,
				0C86246A1AB91A290042CAA8 /* Products */,
				8698990545D5CBADB3FCB840 /* Pods */,
				F48BBF61978E67D265279A10 /* Frameworks */,
			);
			sourceTree = "<group>";
		};
		0C86246A1AB91A290042CAA8 /* Products */ = {
			isa = PBXGroup;
			children = (
				0C8624691AB91A290042CAA8 /* WatchList.app */,
				0C86247E1AB91A290042CAA8 /* WatchListTests.xctest */,
				0C9FBD361AE6F690001FB601 /* WatchList WatchKit Extension.appex */,
				0C9FBD431AE6F691001FB601 /* WatchList WatchKit App.app */,
				9B7E02A41AF02B840001C924 /* DataBridge.framework */,
				9B7E02AE1AF02B850001C924 /* DataBridgeTests.xctest */,
			);
			name = Products;
			sourceTree = "<group>";
		};
		0C86246B1AB91A290042CAA8 /* WatchList */ = {
			isa = PBXGroup;
			children = (
				9BD509E11AFAE39F00AD3C09 /* User.swift */,
				9B43678F1AEEC2150001B432 /* WatchList.entitlements */,
				0C47B2A91AEC5F9C00902891 /* WatchList-Bridging-Header.h */,
				0C86246E1AB91A290042CAA8 /* AppDelegate.swift */,
				0C47B2A31AEACC0F00902891 /* Constants.swift */,
				0C9FBD591AE8466A001FB601 /* MainViewController.swift */,
				0C32A3041AF315B400A7990B /* SideMenuViewController.swift */,
				0C9FBD5B1AE84684001FB601 /* BeaconConfigViewController.swift */,
				0C9FBD5D1AE846A7001FB601 /* AddFriendsViewController.swift */,
				9B4367901AEECD420001B432 /* UserClass.swift */,
				9BE48BB31AEEF8AD005BEF9E /* TableViewCell.swift */,
				9B0622851AF977DF002E161B /* SignupViewController.swift */,
				9BCB73AA1AF492E1001C081C /* LoginViewController.swift */,
				0C8624721AB91A290042CAA8 /* Main.storyboard */,
				0C8624751AB91A290042CAA8 /* Images.xcassets */,
				0C47B2A71AEC5F6D00902891 /* 3rdParty */,
				0C86246C1AB91A290042CAA8 /* Supporting Files */,
				9B491DB91AF05DBB00C0DD8B /* WatchList.xcdatamodeld */,
			);
			path = WatchList;
			sourceTree = "<group>";
		};
		0C86246C1AB91A290042CAA8 /* Supporting Files */ = {
			isa = PBXGroup;
			children = (
				0C47B2A11AEAAAAC00902891 /* AppIcon_180px.png */,
				0C86246D1AB91A290042CAA8 /* Info.plist */,
			);
			name = "Supporting Files";
			sourceTree = "<group>";
		};
		0C8624811AB91A290042CAA8 /* WatchListTests */ = {
			isa = PBXGroup;
			children = (
				0C8624841AB91A290042CAA8 /* WatchListTests.swift */,
				0C8624821AB91A290042CAA8 /* Supporting Files */,
			);
			path = WatchListTests;
			sourceTree = "<group>";
		};
		0C8624821AB91A290042CAA8 /* Supporting Files */ = {
			isa = PBXGroup;
			children = (
				0C8624831AB91A290042CAA8 /* Info.plist */,
			);
			name = "Supporting Files";
			sourceTree = "<group>";
		};
		0C9FBD371AE6F691001FB601 /* WatchList WatchKit Extension */ = {
			isa = PBXGroup;
			children = (
				9B491DB81AF0523700C0DD8B /* WatchList WatchKit Extension.entitlements */,
				9B8B42541AE8D53B0010F7EB /* tableRowController.swift */,
				0C9FBD3B1AE6F691001FB601 /* InterfaceController.swift */,
				0C9FBD3D1AE6F691001FB601 /* NotificationController.swift */,
				0C9FBD3F1AE6F691001FB601 /* Images.xcassets */,
				0C9FBD381AE6F691001FB601 /* Supporting Files */,
			);
			path = "WatchList WatchKit Extension";
			sourceTree = "<group>";
		};
		0C9FBD381AE6F691001FB601 /* Supporting Files */ = {
			isa = PBXGroup;
			children = (
				0C9FBD391AE6F691001FB601 /* Info.plist */,
				0C9FBD3A1AE6F691001FB601 /* PushNotificationPayload.apns */,
			);
			name = "Supporting Files";
			sourceTree = "<group>";
		};
		0C9FBD471AE6F691001FB601 /* WatchList WatchKit App */ = {
			isa = PBXGroup;
			children = (
				0C9FBD4A1AE6F691001FB601 /* Interface.storyboard */,
				0C9FBD4D1AE6F691001FB601 /* Images.xcassets */,
				0C9FBD481AE6F691001FB601 /* Supporting Files */,
			);
			path = "WatchList WatchKit App";
			sourceTree = "<group>";
		};
		0C9FBD481AE6F691001FB601 /* Supporting Files */ = {
			isa = PBXGroup;
			children = (
				0C9FBD491AE6F691001FB601 /* Info.plist */,
			);
			name = "Supporting Files";
			sourceTree = "<group>";
		};
		8698990545D5CBADB3FCB840 /* Pods */ = {
			isa = PBXGroup;
			children = (
				ED251A3F227B042C86EF8C9E /* Pods.debug.xcconfig */,
				ACD7BA99A6DC660F9101D519 /* Pods.release.xcconfig */,
			);
			name = Pods;
			sourceTree = "<group>";
		};
		9B7E02A51AF02B840001C924 /* DataBridge */ = {
			isa = PBXGroup;
			children = (
				9B7E02C41AF02BAE0001C924 /* CoreDataStack.swift */,
				9B7E02A81AF02B840001C924 /* DataBridge.h */,
				9B7E02A61AF02B840001C924 /* Supporting Files */,
			);
			path = DataBridge;
			sourceTree = "<group>";
		};
		9B7E02A61AF02B840001C924 /* Supporting Files */ = {
			isa = PBXGroup;
			children = (
				9B7E02A71AF02B840001C924 /* Info.plist */,
			);
			name = "Supporting Files";
			sourceTree = "<group>";
		};
		9B7E02B41AF02B850001C924 /* DataBridgeTests */ = {
			isa = PBXGroup;
			children = (
				9B7E02B71AF02B850001C924 /* DataBridgeTests.swift */,
				9B7E02B51AF02B850001C924 /* Supporting Files */,
			);
			path = DataBridgeTests;
			sourceTree = "<group>";
		};
		9B7E02B51AF02B850001C924 /* Supporting Files */ = {
			isa = PBXGroup;
			children = (
				9B7E02B61AF02B850001C924 /* Info.plist */,
			);
			name = "Supporting Files";
			sourceTree = "<group>";
		};
		F48BBF61978E67D265279A10 /* Frameworks */ = {
			isa = PBXGroup;
			children = (
				9B35DE1C1AF5943A009E37B8 /* AssetsLibrary.framework */,
				9BCB73A81AF48ABC001C081C /* ParseUI.framework */,
				9BCB73A61AF488D3001C081C /* Accounts.framework */,
				9BCB73A41AF48893001C081C /* Social.framework */,
				9BCB738E1AF4856F001C081C /* AudioToolbox.framework */,
				9BCB738F1AF4856F001C081C /* CFNetwork.framework */,
				9BCB73901AF4856F001C081C /* CoreGraphics.framework */,
				9BCB73911AF4856F001C081C /* CoreLocation.framework */,
				9BCB73921AF4856F001C081C /* libsqlite3.dylib */,
				9BCB73931AF4856F001C081C /* libz.dylib */,
				9BCB73941AF4856F001C081C /* MobileCoreServices.framework */,
				9BCB73951AF4856F001C081C /* QuartzCore.framework */,
				9BCB73961AF4856F001C081C /* Security.framework */,
				9BCB73971AF4856F001C081C /* StoreKit.framework */,
				9BCB73981AF4856F001C081C /* SystemConfiguration.framework */,
				9BCB738C1AF484A7001C081C /* Bolts.framework */,
				9BCB738A1AF4849C001C081C /* Parse.framework */,
				6659FFF1CE1835731688002B /* libPods.a */,
			);
			name = Frameworks;
			sourceTree = "<group>";
		};
/* End PBXGroup section */

/* Begin PBXHeadersBuildPhase section */
		9B7E02A11AF02B840001C924 /* Headers */ = {
			isa = PBXHeadersBuildPhase;
			buildActionMask = 2147483647;
			files = (
				9B7E02A91AF02B840001C924 /* DataBridge.h in Headers */,
			);
			runOnlyForDeploymentPostprocessing = 0;
		};
/* End PBXHeadersBuildPhase section */

/* Begin PBXNativeTarget section */
		0C8624681AB91A290042CAA8 /* WatchList */ = {
			isa = PBXNativeTarget;
			buildConfigurationList = 0C8624881AB91A290042CAA8 /* Build configuration list for PBXNativeTarget "WatchList" */;
			buildPhases = (
				78A6923E01903C33607F99DA /* Check Pods Manifest.lock */,
				0C8624651AB91A290042CAA8 /* Sources */,
				0C8624661AB91A290042CAA8 /* Frameworks */,
				0C8624671AB91A290042CAA8 /* Resources */,
				0C9FBD581AE6F691001FB601 /* Embed App Extensions */,
				9B7E02C01AF02B850001C924 /* Embed Frameworks */,
				B0EC3AB5A664276029AE7A39 /* Copy Pods Resources */,
			);
			buildRules = (
			);
			dependencies = (
				0C9FBD501AE6F691001FB601 /* PBXTargetDependency */,
				9B7E02BA1AF02B850001C924 /* PBXTargetDependency */,
			);
			name = WatchList;
			productName = WatchList;
			productReference = 0C8624691AB91A290042CAA8 /* WatchList.app */;
			productType = "com.apple.product-type.application";
		};
		0C86247D1AB91A290042CAA8 /* WatchListTests */ = {
			isa = PBXNativeTarget;
			buildConfigurationList = 0C86248B1AB91A290042CAA8 /* Build configuration list for PBXNativeTarget "WatchListTests" */;
			buildPhases = (
				0C86247A1AB91A290042CAA8 /* Sources */,
				0C86247B1AB91A290042CAA8 /* Frameworks */,
				0C86247C1AB91A290042CAA8 /* Resources */,
			);
			buildRules = (
			);
			dependencies = (
				0C8624801AB91A290042CAA8 /* PBXTargetDependency */,
			);
			name = WatchListTests;
			productName = WatchListTests;
			productReference = 0C86247E1AB91A290042CAA8 /* WatchListTests.xctest */;
			productType = "com.apple.product-type.bundle.unit-test";
		};
		0C9FBD351AE6F690001FB601 /* WatchList WatchKit Extension */ = {
			isa = PBXNativeTarget;
			buildConfigurationList = 0C9FBD571AE6F691001FB601 /* Build configuration list for PBXNativeTarget "WatchList WatchKit Extension" */;
			buildPhases = (
				0C9FBD321AE6F690001FB601 /* Sources */,
				0C9FBD331AE6F690001FB601 /* Frameworks */,
				0C9FBD341AE6F690001FB601 /* Resources */,
			);
			buildRules = (
			);
			dependencies = (
				0C9FBD461AE6F691001FB601 /* PBXTargetDependency */,
			);
			name = "WatchList WatchKit Extension";
			productName = "WatchList WatchKit Extension";
			productReference = 0C9FBD361AE6F690001FB601 /* WatchList WatchKit Extension.appex */;
			productType = "com.apple.product-type.watchkit-extension";
		};
		0C9FBD421AE6F691001FB601 /* WatchList WatchKit App */ = {
			isa = PBXNativeTarget;
			buildConfigurationList = 0C9FBD561AE6F691001FB601 /* Build configuration list for PBXNativeTarget "WatchList WatchKit App" */;
			buildPhases = (
				0C9FBD411AE6F691001FB601 /* Resources */,
			);
			buildRules = (
			);
			dependencies = (
			);
			name = "WatchList WatchKit App";
			productName = "WatchList WatchKit App";
			productReference = 0C9FBD431AE6F691001FB601 /* WatchList WatchKit App.app */;
			productType = "com.apple.product-type.application.watchapp";
		};
		9B7E02A31AF02B840001C924 /* DataBridge */ = {
			isa = PBXNativeTarget;
			buildConfigurationList = 9B7E02BD1AF02B850001C924 /* Build configuration list for PBXNativeTarget "DataBridge" */;
			buildPhases = (
				9B7E029F1AF02B840001C924 /* Sources */,
				9B7E02A01AF02B840001C924 /* Frameworks */,
				9B7E02A11AF02B840001C924 /* Headers */,
				9B7E02A21AF02B840001C924 /* Resources */,
			);
			buildRules = (
			);
			dependencies = (
			);
			name = DataBridge;
			productName = DataBridge;
			productReference = 9B7E02A41AF02B840001C924 /* DataBridge.framework */;
			productType = "com.apple.product-type.framework";
		};
		9B7E02AD1AF02B850001C924 /* DataBridgeTests */ = {
			isa = PBXNativeTarget;
			buildConfigurationList = 9B7E02C11AF02B850001C924 /* Build configuration list for PBXNativeTarget "DataBridgeTests" */;
			buildPhases = (
				9B7E02AA1AF02B850001C924 /* Sources */,
				9B7E02AB1AF02B850001C924 /* Frameworks */,
				9B7E02AC1AF02B850001C924 /* Resources */,
			);
			buildRules = (
			);
			dependencies = (
				9B7E02B11AF02B850001C924 /* PBXTargetDependency */,
				9B7E02B31AF02B850001C924 /* PBXTargetDependency */,
			);
			name = DataBridgeTests;
			productName = DataBridgeTests;
			productReference = 9B7E02AE1AF02B850001C924 /* DataBridgeTests.xctest */;
			productType = "com.apple.product-type.bundle.unit-test";
		};
/* End PBXNativeTarget section */

/* Begin PBXProject section */
		0C8624611AB91A290042CAA8 /* Project object */ = {
			isa = PBXProject;
			attributes = {
				LastUpgradeCheck = 0620;
				ORGANIZATIONNAME = PhiLee;
				TargetAttributes = {
					0C8624681AB91A290042CAA8 = {
						CreatedOnToolsVersion = 6.2;
						DevelopmentTeam = RLFD42G2BX;
						SystemCapabilities = {
							com.apple.ApplicationGroups.iOS = {
								enabled = 1;
							};
							com.apple.BackgroundModes = {
								enabled = 1;
							};
						};
					};
					0C86247D1AB91A290042CAA8 = {
						CreatedOnToolsVersion = 6.2;
						TestTargetID = 0C8624681AB91A290042CAA8;
					};
					0C9FBD351AE6F690001FB601 = {
						CreatedOnToolsVersion = 6.3;
						DevelopmentTeam = RLFD42G2BX;
						SystemCapabilities = {
							com.apple.ApplicationGroups.iOS = {
								enabled = 1;
							};
						};
					};
					0C9FBD421AE6F691001FB601 = {
						CreatedOnToolsVersion = 6.3;
					};
					9B7E02A31AF02B840001C924 = {
						CreatedOnToolsVersion = 6.3;
					};
					9B7E02AD1AF02B850001C924 = {
						CreatedOnToolsVersion = 6.3;
						TestTargetID = 0C8624681AB91A290042CAA8;
					};
				};
			};
			buildConfigurationList = 0C8624641AB91A290042CAA8 /* Build configuration list for PBXProject "WatchList" */;
			compatibilityVersion = "Xcode 3.2";
			developmentRegion = English;
			hasScannedForEncodings = 0;
			knownRegions = (
				en,
				Base,
			);
			mainGroup = 0C8624601AB91A290042CAA8;
			productRefGroup = 0C86246A1AB91A290042CAA8 /* Products */;
			projectDirPath = "";
			projectRoot = "";
			targets = (
				0C8624681AB91A290042CAA8 /* WatchList */,
				0C86247D1AB91A290042CAA8 /* WatchListTests */,
				0C9FBD351AE6F690001FB601 /* WatchList WatchKit Extension */,
				0C9FBD421AE6F691001FB601 /* WatchList WatchKit App */,
				9B7E02A31AF02B840001C924 /* DataBridge */,
				9B7E02AD1AF02B850001C924 /* DataBridgeTests */,
			);
		};
/* End PBXProject section */

/* Begin PBXResourcesBuildPhase section */
		0C8624671AB91A290042CAA8 /* Resources */ = {
			isa = PBXResourcesBuildPhase;
			buildActionMask = 2147483647;
			files = (
				0C8624741AB91A290042CAA8 /* Main.storyboard in Resources */,
				0C47B2A21AEAAAAC00902891 /* AppIcon_180px.png in Resources */,
				0C8624761AB91A290042CAA8 /* Images.xcassets in Resources */,
			);
			runOnlyForDeploymentPostprocessing = 0;
		};
		0C86247C1AB91A290042CAA8 /* Resources */ = {
			isa = PBXResourcesBuildPhase;
			buildActionMask = 2147483647;
			files = (
			);
			runOnlyForDeploymentPostprocessing = 0;
		};
		0C9FBD341AE6F690001FB601 /* Resources */ = {
			isa = PBXResourcesBuildPhase;
			buildActionMask = 2147483647;
			files = (
				0C9FBD441AE6F691001FB601 /* WatchList WatchKit App.app in Resources */,
				0C9FBD401AE6F691001FB601 /* Images.xcassets in Resources */,
			);
			runOnlyForDeploymentPostprocessing = 0;
		};
		0C9FBD411AE6F691001FB601 /* Resources */ = {
			isa = PBXResourcesBuildPhase;
			buildActionMask = 2147483647;
			files = (
				0C9FBD4C1AE6F691001FB601 /* Interface.storyboard in Resources */,
				0C9FBD4E1AE6F691001FB601 /* Images.xcassets in Resources */,
			);
			runOnlyForDeploymentPostprocessing = 0;
		};
		9B7E02A21AF02B840001C924 /* Resources */ = {
			isa = PBXResourcesBuildPhase;
			buildActionMask = 2147483647;
			files = (
			);
			runOnlyForDeploymentPostprocessing = 0;
		};
		9B7E02AC1AF02B850001C924 /* Resources */ = {
			isa = PBXResourcesBuildPhase;
			buildActionMask = 2147483647;
			files = (
			);
			runOnlyForDeploymentPostprocessing = 0;
		};
/* End PBXResourcesBuildPhase section */

/* Begin PBXShellScriptBuildPhase section */
		78A6923E01903C33607F99DA /* Check Pods Manifest.lock */ = {
			isa = PBXShellScriptBuildPhase;
			buildActionMask = 2147483647;
			files = (
			);
			inputPaths = (
			);
			name = "Check Pods Manifest.lock";
			outputPaths = (
			);
			runOnlyForDeploymentPostprocessing = 0;
			shellPath = /bin/sh;
			shellScript = "diff \"${PODS_ROOT}/../Podfile.lock\" \"${PODS_ROOT}/Manifest.lock\" > /dev/null\nif [[ $? != 0 ]] ; then\n    cat << EOM\nerror: The sandbox is not in sync with the Podfile.lock. Run 'pod install' or update your CocoaPods installation.\nEOM\n    exit 1\nfi\n";
			showEnvVarsInLog = 0;
		};
		B0EC3AB5A664276029AE7A39 /* Copy Pods Resources */ = {
			isa = PBXShellScriptBuildPhase;
			buildActionMask = 2147483647;
			files = (
			);
			inputPaths = (
			);
			name = "Copy Pods Resources";
			outputPaths = (
			);
			runOnlyForDeploymentPostprocessing = 0;
			shellPath = /bin/sh;
			shellScript = "\"${SRCROOT}/Pods/Target Support Files/Pods/Pods-resources.sh\"\n";
			showEnvVarsInLog = 0;
		};
/* End PBXShellScriptBuildPhase section */

/* Begin PBXSourcesBuildPhase section */
		0C8624651AB91A290042CAA8 /* Sources */ = {
			isa = PBXSourcesBuildPhase;
			buildActionMask = 2147483647;
			files = (
				9BE48BB41AEEF8AD005BEF9E /* TableViewCell.swift in Sources */,
				0C47B2B81AEC600C00902891 /* CBUUID+Ext.m in Sources */,
				0C9FBD5E1AE846A7001FB601 /* AddFriendsViewController.swift in Sources */,
				0C8624911AB91E640042CAA8 /* README.md in Sources */,
				0C47B2BC1AEC602700902891 /* GCDUtilities.m in Sources */,
				0C86246F1AB91A290042CAA8 /* AppDelegate.swift in Sources */,
				0C47B2BF1AEC603A00902891 /* EasedValue.m in Sources */,
				9BCB73AB1AF492E1001C081C /* LoginViewController.swift in Sources */,
				9B883E1B1AF4177E0000EC53 /* CoreDataStack.swift in Sources */,
				9B4367911AEECD420001B432 /* UserClass.swift in Sources */,
				0C47B2AC1AEC5F9D00902891 /* INBeaconService.m in Sources */,
				0C47B2AF1AEC5FF400902891 /* CLBeacon+Ext.m in Sources */,
				0C9FBD5A1AE8466A001FB601 /* MainViewController.swift in Sources */,
				9B491DBB1AF05DBB00C0DD8B /* WatchList.xcdatamodeld in Sources */,
				9B0622861AF977DF002E161B /* SignupViewController.swift in Sources */,
				0C47B2B61AEC600C00902891 /* CBCentralManager+Ext.m in Sources */,
				0C9FBD5C1AE84684001FB601 /* BeaconConfigViewController.swift in Sources */,
				0C47B2B71AEC600C00902891 /* CBPeripheralManager+Ext.m in Sources */,
				0C32A3051AF315B400A7990B /* SideMenuViewController.swift in Sources */,
				0C47B2A41AEACC0F00902891 /* Constants.swift in Sources */,
				9BD509E21AFAE39F00AD3C09 /* User.swift in Sources */,
			);
			runOnlyForDeploymentPostprocessing = 0;
		};
		0C86247A1AB91A290042CAA8 /* Sources */ = {
			isa = PBXSourcesBuildPhase;
			buildActionMask = 2147483647;
			files = (
				0C8624851AB91A290042CAA8 /* WatchListTests.swift in Sources */,
			);
			runOnlyForDeploymentPostprocessing = 0;
		};
		0C9FBD321AE6F690001FB601 /* Sources */ = {
			isa = PBXSourcesBuildPhase;
			buildActionMask = 2147483647;
			files = (
				9B8B42551AE8D53B0010F7EB /* tableRowController.swift in Sources */,
				9B491DC51AF0683A00C0DD8B /* WatchList.xcdatamodeld in Sources */,
				0C9FBD3E1AE6F691001FB601 /* NotificationController.swift in Sources */,
				0C9FBD3C1AE6F691001FB601 /* InterfaceController.swift in Sources */,
			);
			runOnlyForDeploymentPostprocessing = 0;
		};
		9B7E029F1AF02B840001C924 /* Sources */ = {
			isa = PBXSourcesBuildPhase;
			buildActionMask = 2147483647;
			files = (
				9B7E02C51AF02BAE0001C924 /* CoreDataStack.swift in Sources */,
				9B491DC61AF0683C00C0DD8B /* WatchList.xcdatamodeld in Sources */,
			);
			runOnlyForDeploymentPostprocessing = 0;
		};
		9B7E02AA1AF02B850001C924 /* Sources */ = {
			isa = PBXSourcesBuildPhase;
			buildActionMask = 2147483647;
			files = (
				9B7E02B81AF02B850001C924 /* DataBridgeTests.swift in Sources */,
			);
			runOnlyForDeploymentPostprocessing = 0;
		};
/* End PBXSourcesBuildPhase section */

/* Begin PBXTargetDependency section */
		0C8624801AB91A290042CAA8 /* PBXTargetDependency */ = {
			isa = PBXTargetDependency;
			target = 0C8624681AB91A290042CAA8 /* WatchList */;
			targetProxy = 0C86247F1AB91A290042CAA8 /* PBXContainerItemProxy */;
		};
		0C9FBD461AE6F691001FB601 /* PBXTargetDependency */ = {
			isa = PBXTargetDependency;
			target = 0C9FBD421AE6F691001FB601 /* WatchList WatchKit App */;
			targetProxy = 0C9FBD451AE6F691001FB601 /* PBXContainerItemProxy */;
		};
		0C9FBD501AE6F691001FB601 /* PBXTargetDependency */ = {
			isa = PBXTargetDependency;
			target = 0C9FBD351AE6F690001FB601 /* WatchList WatchKit Extension */;
			targetProxy = 0C9FBD4F1AE6F691001FB601 /* PBXContainerItemProxy */;
		};
		9B7E02B11AF02B850001C924 /* PBXTargetDependency */ = {
			isa = PBXTargetDependency;
			target = 9B7E02A31AF02B840001C924 /* DataBridge */;
			targetProxy = 9B7E02B01AF02B850001C924 /* PBXContainerItemProxy */;
		};
		9B7E02B31AF02B850001C924 /* PBXTargetDependency */ = {
			isa = PBXTargetDependency;
			target = 0C8624681AB91A290042CAA8 /* WatchList */;
			targetProxy = 9B7E02B21AF02B850001C924 /* PBXContainerItemProxy */;
		};
		9B7E02BA1AF02B850001C924 /* PBXTargetDependency */ = {
			isa = PBXTargetDependency;
			target = 9B7E02A31AF02B840001C924 /* DataBridge */;
			targetProxy = 9B7E02B91AF02B850001C924 /* PBXContainerItemProxy */;
		};
/* End PBXTargetDependency section */

/* Begin PBXVariantGroup section */
		0C8624721AB91A290042CAA8 /* Main.storyboard */ = {
			isa = PBXVariantGroup;
			children = (
				0C8624731AB91A290042CAA8 /* Base */,
			);
			name = Main.storyboard;
			sourceTree = "<group>";
		};
		0C9FBD4A1AE6F691001FB601 /* Interface.storyboard */ = {
			isa = PBXVariantGroup;
			children = (
				0C9FBD4B1AE6F691001FB601 /* Base */,
			);
			name = Interface.storyboard;
			sourceTree = "<group>";
		};
/* End PBXVariantGroup section */

/* Begin XCBuildConfiguration section */
		0C8624861AB91A290042CAA8 /* Debug */ = {
			isa = XCBuildConfiguration;
			buildSettings = {
				ALWAYS_SEARCH_USER_PATHS = NO;
				CLANG_CXX_LANGUAGE_STANDARD = "gnu++0x";
				CLANG_CXX_LIBRARY = "libc++";
				CLANG_ENABLE_MODULES = YES;
				CLANG_ENABLE_OBJC_ARC = YES;
				CLANG_WARN_BOOL_CONVERSION = YES;
				CLANG_WARN_CONSTANT_CONVERSION = YES;
				CLANG_WARN_DIRECT_OBJC_ISA_USAGE = YES_ERROR;
				CLANG_WARN_EMPTY_BODY = YES;
				CLANG_WARN_ENUM_CONVERSION = YES;
				CLANG_WARN_INT_CONVERSION = YES;
				CLANG_WARN_OBJC_ROOT_CLASS = YES_ERROR;
				CLANG_WARN_UNREACHABLE_CODE = YES;
				CLANG_WARN__DUPLICATE_METHOD_MATCH = YES;
				"CODE_SIGN_IDENTITY[sdk=iphoneos*]" = "iPhone Developer";
				COPY_PHASE_STRIP = NO;
				ENABLE_STRICT_OBJC_MSGSEND = YES;
				GCC_C_LANGUAGE_STANDARD = gnu99;
				GCC_DYNAMIC_NO_PIC = NO;
				GCC_OPTIMIZATION_LEVEL = 0;
				GCC_PREPROCESSOR_DEFINITIONS = (
					"DEBUG=1",
					"$(inherited)",
				);
				GCC_SYMBOLS_PRIVATE_EXTERN = NO;
				GCC_WARN_64_TO_32_BIT_CONVERSION = YES;
				GCC_WARN_ABOUT_RETURN_TYPE = YES_ERROR;
				GCC_WARN_UNDECLARED_SELECTOR = YES;
				GCC_WARN_UNINITIALIZED_AUTOS = YES_AGGRESSIVE;
				GCC_WARN_UNUSED_FUNCTION = YES;
				GCC_WARN_UNUSED_VARIABLE = YES;
				IPHONEOS_DEPLOYMENT_TARGET = 8.2;
				MTL_ENABLE_DEBUG_INFO = YES;
				ONLY_ACTIVE_ARCH = YES;
				SDKROOT = iphoneos;
				SWIFT_OPTIMIZATION_LEVEL = "-Onone";
				TARGETED_DEVICE_FAMILY = "1,2";
			};
			name = Debug;
		};
		0C8624871AB91A290042CAA8 /* Release */ = {
			isa = XCBuildConfiguration;
			buildSettings = {
				ALWAYS_SEARCH_USER_PATHS = NO;
				CLANG_CXX_LANGUAGE_STANDARD = "gnu++0x";
				CLANG_CXX_LIBRARY = "libc++";
				CLANG_ENABLE_MODULES = YES;
				CLANG_ENABLE_OBJC_ARC = YES;
				CLANG_WARN_BOOL_CONVERSION = YES;
				CLANG_WARN_CONSTANT_CONVERSION = YES;
				CLANG_WARN_DIRECT_OBJC_ISA_USAGE = YES_ERROR;
				CLANG_WARN_EMPTY_BODY = YES;
				CLANG_WARN_ENUM_CONVERSION = YES;
				CLANG_WARN_INT_CONVERSION = YES;
				CLANG_WARN_OBJC_ROOT_CLASS = YES_ERROR;
				CLANG_WARN_UNREACHABLE_CODE = YES;
				CLANG_WARN__DUPLICATE_METHOD_MATCH = YES;
				"CODE_SIGN_IDENTITY[sdk=iphoneos*]" = "iPhone Developer";
				COPY_PHASE_STRIP = NO;
				ENABLE_NS_ASSERTIONS = NO;
				ENABLE_STRICT_OBJC_MSGSEND = YES;
				GCC_C_LANGUAGE_STANDARD = gnu99;
				GCC_WARN_64_TO_32_BIT_CONVERSION = YES;
				GCC_WARN_ABOUT_RETURN_TYPE = YES_ERROR;
				GCC_WARN_UNDECLARED_SELECTOR = YES;
				GCC_WARN_UNINITIALIZED_AUTOS = YES_AGGRESSIVE;
				GCC_WARN_UNUSED_FUNCTION = YES;
				GCC_WARN_UNUSED_VARIABLE = YES;
				IPHONEOS_DEPLOYMENT_TARGET = 8.2;
				MTL_ENABLE_DEBUG_INFO = NO;
				SDKROOT = iphoneos;
				TARGETED_DEVICE_FAMILY = "1,2";
				VALIDATE_PRODUCT = YES;
			};
			name = Release;
		};
		0C8624891AB91A290042CAA8 /* Debug */ = {
			isa = XCBuildConfiguration;
			baseConfigurationReference = ED251A3F227B042C86EF8C9E /* Pods.debug.xcconfig */;
			buildSettings = {
				ASSETCATALOG_COMPILER_APPICON_NAME = AppIcon;
				ASSETCATALOG_COMPILER_LAUNCHIMAGE_NAME = LaunchImage;
				CLANG_ENABLE_MODULES = YES;
				CODE_SIGN_ENTITLEMENTS = WatchList/WatchList.entitlements;
				CODE_SIGN_IDENTITY = "iPhone Developer: Philip Starner (B6Y896GM4L)";
				"CODE_SIGN_IDENTITY[sdk=iphoneos*]" = "iPhone Developer: Philip Starner (B6Y896GM4L)";
				FRAMEWORK_SEARCH_PATHS = (
					"$(inherited)",
					"$(PROJECT_DIR)",
				);
				INFOPLIST_FILE = WatchList/Info.plist;
				IPHONEOS_DEPLOYMENT_TARGET = 8.2;
				LD_RUNPATH_SEARCH_PATHS = "$(inherited) @executable_path/Frameworks";
				PRODUCT_NAME = "$(TARGET_NAME)";
				PROVISIONING_PROFILE = "0512faf0-1109-4900-b733-6686d3d48c08";
				SWIFT_OBJC_BRIDGING_HEADER = "WatchList/3rdParty/Vicinity/WatchList-Bridging-Header.h";
				SWIFT_OPTIMIZATION_LEVEL = "-Onone";
				TARGETED_DEVICE_FAMILY = 1;
			};
			name = Debug;
		};
		0C86248A1AB91A290042CAA8 /* Release */ = {
			isa = XCBuildConfiguration;
			baseConfigurationReference = ACD7BA99A6DC660F9101D519 /* Pods.release.xcconfig */;
			buildSettings = {
				ASSETCATALOG_COMPILER_APPICON_NAME = AppIcon;
				ASSETCATALOG_COMPILER_LAUNCHIMAGE_NAME = LaunchImage;
				CLANG_ENABLE_MODULES = YES;
				CODE_SIGN_ENTITLEMENTS = WatchList/WatchList.entitlements;
				CODE_SIGN_IDENTITY = "iPhone Developer: Philip Starner (B6Y896GM4L)";
				"CODE_SIGN_IDENTITY[sdk=iphoneos*]" = "iPhone Developer: Philip Starner (B6Y896GM4L)";
				FRAMEWORK_SEARCH_PATHS = (
					"$(inherited)",
					"$(PROJECT_DIR)",
				);
				INFOPLIST_FILE = WatchList/Info.plist;
				IPHONEOS_DEPLOYMENT_TARGET = 8.2;
				LD_RUNPATH_SEARCH_PATHS = "$(inherited) @executable_path/Frameworks";
				PRODUCT_NAME = "$(TARGET_NAME)";
				PROVISIONING_PROFILE = "0512faf0-1109-4900-b733-6686d3d48c08";
				SWIFT_OBJC_BRIDGING_HEADER = "WatchList/3rdParty/Vicinity/WatchList-Bridging-Header.h";
				TARGETED_DEVICE_FAMILY = 1;
			};
			name = Release;
		};
		0C86248C1AB91A290042CAA8 /* Debug */ = {
			isa = XCBuildConfiguration;
			buildSettings = {
				BUNDLE_LOADER = "$(TEST_HOST)";
				FRAMEWORK_SEARCH_PATHS = (
					"$(SDKROOT)/Developer/Library/Frameworks",
					"$(inherited)",
				);
				GCC_PREPROCESSOR_DEFINITIONS = (
					"DEBUG=1",
					"$(inherited)",
				);
				INFOPLIST_FILE = WatchListTests/Info.plist;
				LD_RUNPATH_SEARCH_PATHS = "$(inherited) @executable_path/Frameworks @loader_path/Frameworks";
				PRODUCT_NAME = "$(TARGET_NAME)";
				TEST_HOST = "$(BUILT_PRODUCTS_DIR)/WatchList.app/WatchList";
			};
			name = Debug;
		};
		0C86248D1AB91A290042CAA8 /* Release */ = {
			isa = XCBuildConfiguration;
			buildSettings = {
				BUNDLE_LOADER = "$(TEST_HOST)";
				FRAMEWORK_SEARCH_PATHS = (
					"$(SDKROOT)/Developer/Library/Frameworks",
					"$(inherited)",
				);
				INFOPLIST_FILE = WatchListTests/Info.plist;
				LD_RUNPATH_SEARCH_PATHS = "$(inherited) @executable_path/Frameworks @loader_path/Frameworks";
				PRODUCT_NAME = "$(TARGET_NAME)";
				TEST_HOST = "$(BUILT_PRODUCTS_DIR)/WatchList.app/WatchList";
			};
			name = Release;
		};
		0C9FBD521AE6F691001FB601 /* Debug */ = {
			isa = XCBuildConfiguration;
			buildSettings = {
				CODE_SIGN_ENTITLEMENTS = "WatchList WatchKit Extension/WatchList WatchKit Extension.entitlements";
				CODE_SIGN_IDENTITY = "iPhone Developer: Philip Starner (B6Y896GM4L)";
				"CODE_SIGN_IDENTITY[sdk=iphoneos*]" = "iPhone Developer: Philip Starner (B6Y896GM4L)";
				DEBUG_INFORMATION_FORMAT = "dwarf-with-dsym";
				GCC_NO_COMMON_BLOCKS = YES;
				GCC_PREPROCESSOR_DEFINITIONS = (
					"DEBUG=1",
					"$(inherited)",
				);
				INFOPLIST_FILE = "WatchList WatchKit Extension/Info.plist";
				IPHONEOS_DEPLOYMENT_TARGET = 8.2;
				LD_RUNPATH_SEARCH_PATHS = "$(inherited) @executable_path/Frameworks @executable_path/../../Frameworks";
				PRODUCT_NAME = "${TARGET_NAME}";
				PROVISIONING_PROFILE = "30a46a10-c455-4325-a64c-e32c962d18b3";
				SKIP_INSTALL = YES;
			};
			name = Debug;
		};
		0C9FBD531AE6F691001FB601 /* Release */ = {
			isa = XCBuildConfiguration;
			buildSettings = {
				CODE_SIGN_ENTITLEMENTS = "WatchList WatchKit Extension/WatchList WatchKit Extension.entitlements";
				CODE_SIGN_IDENTITY = "iPhone Developer: Philip Starner (B6Y896GM4L)";
				"CODE_SIGN_IDENTITY[sdk=iphoneos*]" = "iPhone Developer: Philip Starner (B6Y896GM4L)";
				DEBUG_INFORMATION_FORMAT = "dwarf-with-dsym";
				GCC_NO_COMMON_BLOCKS = YES;
				INFOPLIST_FILE = "WatchList WatchKit Extension/Info.plist";
				IPHONEOS_DEPLOYMENT_TARGET = 8.2;
				LD_RUNPATH_SEARCH_PATHS = "$(inherited) @executable_path/Frameworks @executable_path/../../Frameworks";
				PRODUCT_NAME = "${TARGET_NAME}";
				PROVISIONING_PROFILE = "30a46a10-c455-4325-a64c-e32c962d18b3";
				SKIP_INSTALL = YES;
			};
			name = Release;
		};
		0C9FBD541AE6F691001FB601 /* Debug */ = {
			isa = XCBuildConfiguration;
			buildSettings = {
				ASSETCATALOG_COMPILER_APPICON_NAME = AppIcon;
				CLANG_ENABLE_MODULES = YES;
				CODE_SIGN_IDENTITY = "iPhone Developer: Philip Starner (B6Y896GM4L)";
				DEBUG_INFORMATION_FORMAT = "dwarf-with-dsym";
				GCC_NO_COMMON_BLOCKS = YES;
				GCC_PREPROCESSOR_DEFINITIONS = (
					"DEBUG=1",
					"$(inherited)",
				);
				IBSC_MODULE = WatchList_WatchKit_Extension;
				INFOPLIST_FILE = "WatchList WatchKit App/Info.plist";
				IPHONEOS_DEPLOYMENT_TARGET = 8.2;
				LD_RUNPATH_SEARCH_PATHS = "$(inherited) @executable_path/Frameworks @loader_path/Frameworks";
				PRODUCT_NAME = "$(TARGET_NAME)";
				PROVISIONING_PROFILE = "658b587c-cac9-4a72-9787-ffe3daf204a7";
				SKIP_INSTALL = YES;
				SWIFT_OBJC_BRIDGING_HEADER = "WatchList WatchKit App/WatchList WatchKit App-Bridging-Header.h";
				SWIFT_OPTIMIZATION_LEVEL = "-Onone";
				TARGETED_DEVICE_FAMILY = 4;
				"TARGETED_DEVICE_FAMILY[sdk=iphonesimulator*]" = "1,4";
			};
			name = Debug;
		};
		0C9FBD551AE6F691001FB601 /* Release */ = {
			isa = XCBuildConfiguration;
			buildSettings = {
				ASSETCATALOG_COMPILER_APPICON_NAME = AppIcon;
				CLANG_ENABLE_MODULES = YES;
				CODE_SIGN_IDENTITY = "iPhone Developer: Philip Starner (B6Y896GM4L)";
				DEBUG_INFORMATION_FORMAT = "dwarf-with-dsym";
				GCC_NO_COMMON_BLOCKS = YES;
				IBSC_MODULE = WatchList_WatchKit_Extension;
				INFOPLIST_FILE = "WatchList WatchKit App/Info.plist";
				IPHONEOS_DEPLOYMENT_TARGET = 8.2;
				LD_RUNPATH_SEARCH_PATHS = "$(inherited) @executable_path/Frameworks @loader_path/Frameworks";
				PRODUCT_NAME = "$(TARGET_NAME)";
				PROVISIONING_PROFILE = "658b587c-cac9-4a72-9787-ffe3daf204a7";
				SKIP_INSTALL = YES;
				SWIFT_OBJC_BRIDGING_HEADER = "WatchList WatchKit App/WatchList WatchKit App-Bridging-Header.h";
				TARGETED_DEVICE_FAMILY = 4;
				"TARGETED_DEVICE_FAMILY[sdk=iphonesimulator*]" = "1,4";
			};
			name = Release;
		};
		9B7E02BE1AF02B850001C924 /* Debug */ = {
			isa = XCBuildConfiguration;
			buildSettings = {
				CLANG_ENABLE_MODULES = YES;
				CODE_SIGN_IDENTITY = "iPhone Developer: Philip Starner (B6Y896GM4L)";
				"CODE_SIGN_IDENTITY[sdk=iphoneos*]" = "iPhone Developer: Philip Starner (B6Y896GM4L)";
				CURRENT_PROJECT_VERSION = 1;
				DEBUG_INFORMATION_FORMAT = "dwarf-with-dsym";
				DEFINES_MODULE = YES;
				DYLIB_COMPATIBILITY_VERSION = 1;
				DYLIB_CURRENT_VERSION = 1;
				DYLIB_INSTALL_NAME_BASE = "@rpath";
				GCC_NO_COMMON_BLOCKS = YES;
				GCC_PREPROCESSOR_DEFINITIONS = (
					"DEBUG=1",
					"$(inherited)",
				);
				INFOPLIST_FILE = DataBridge/Info.plist;
				INSTALL_PATH = "$(LOCAL_LIBRARY_DIR)/Frameworks";
				IPHONEOS_DEPLOYMENT_TARGET = 8.2;
				LD_RUNPATH_SEARCH_PATHS = "$(inherited) @executable_path/Frameworks @loader_path/Frameworks";
				PRODUCT_NAME = "$(TARGET_NAME)";
				SKIP_INSTALL = YES;
				SWIFT_OPTIMIZATION_LEVEL = "-Onone";
				VERSIONING_SYSTEM = "apple-generic";
				VERSION_INFO_PREFIX = "";
			};
			name = Debug;
		};
		9B7E02BF1AF02B850001C924 /* Release */ = {
			isa = XCBuildConfiguration;
			buildSettings = {
				CLANG_ENABLE_MODULES = YES;
				CODE_SIGN_IDENTITY = "iPhone Developer: Philip Starner (B6Y896GM4L)";
				"CODE_SIGN_IDENTITY[sdk=iphoneos*]" = "iPhone Developer: Philip Starner (B6Y896GM4L)";
				CURRENT_PROJECT_VERSION = 1;
				DEBUG_INFORMATION_FORMAT = "dwarf-with-dsym";
				DEFINES_MODULE = YES;
				DYLIB_COMPATIBILITY_VERSION = 1;
				DYLIB_CURRENT_VERSION = 1;
				DYLIB_INSTALL_NAME_BASE = "@rpath";
				GCC_NO_COMMON_BLOCKS = YES;
				INFOPLIST_FILE = DataBridge/Info.plist;
				INSTALL_PATH = "$(LOCAL_LIBRARY_DIR)/Frameworks";
				IPHONEOS_DEPLOYMENT_TARGET = 8.2;
				LD_RUNPATH_SEARCH_PATHS = "$(inherited) @executable_path/Frameworks @loader_path/Frameworks";
				PRODUCT_NAME = "$(TARGET_NAME)";
				SKIP_INSTALL = YES;
				VERSIONING_SYSTEM = "apple-generic";
				VERSION_INFO_PREFIX = "";
			};
			name = Release;
		};
		9B7E02C21AF02B850001C924 /* Debug */ = {
			isa = XCBuildConfiguration;
			buildSettings = {
				DEBUG_INFORMATION_FORMAT = "dwarf-with-dsym";
				FRAMEWORK_SEARCH_PATHS = (
					"$(SDKROOT)/Developer/Library/Frameworks",
					"$(inherited)",
				);
				GCC_NO_COMMON_BLOCKS = YES;
				GCC_PREPROCESSOR_DEFINITIONS = (
					"DEBUG=1",
					"$(inherited)",
				);
				INFOPLIST_FILE = DataBridgeTests/Info.plist;
				IPHONEOS_DEPLOYMENT_TARGET = 8.3;
				LD_RUNPATH_SEARCH_PATHS = "$(inherited) @executable_path/Frameworks @loader_path/Frameworks";
				PRODUCT_NAME = "$(TARGET_NAME)";
				TEST_HOST = "$(BUILT_PRODUCTS_DIR)/WatchList.app/WatchList";
			};
			name = Debug;
		};
		9B7E02C31AF02B850001C924 /* Release */ = {
			isa = XCBuildConfiguration;
			buildSettings = {
				DEBUG_INFORMATION_FORMAT = "dwarf-with-dsym";
				FRAMEWORK_SEARCH_PATHS = (
					"$(SDKROOT)/Developer/Library/Frameworks",
					"$(inherited)",
				);
				GCC_NO_COMMON_BLOCKS = YES;
				INFOPLIST_FILE = DataBridgeTests/Info.plist;
				IPHONEOS_DEPLOYMENT_TARGET = 8.3;
				LD_RUNPATH_SEARCH_PATHS = "$(inherited) @executable_path/Frameworks @loader_path/Frameworks";
				PRODUCT_NAME = "$(TARGET_NAME)";
				TEST_HOST = "$(BUILT_PRODUCTS_DIR)/WatchList.app/WatchList";
			};
			name = Release;
		};
/* End XCBuildConfiguration section */

/* Begin XCConfigurationList section */
		0C8624641AB91A290042CAA8 /* Build configuration list for PBXProject "WatchList" */ = {
			isa = XCConfigurationList;
			buildConfigurations = (
				0C8624861AB91A290042CAA8 /* Debug */,
				0C8624871AB91A290042CAA8 /* Release */,
			);
			defaultConfigurationIsVisible = 0;
			defaultConfigurationName = Release;
		};
		0C8624881AB91A290042CAA8 /* Build configuration list for PBXNativeTarget "WatchList" */ = {
			isa = XCConfigurationList;
			buildConfigurations = (
				0C8624891AB91A290042CAA8 /* Debug */,
				0C86248A1AB91A290042CAA8 /* Release */,
			);
			defaultConfigurationIsVisible = 0;
			defaultConfigurationName = Release;
		};
		0C86248B1AB91A290042CAA8 /* Build configuration list for PBXNativeTarget "WatchListTests" */ = {
			isa = XCConfigurationList;
			buildConfigurations = (
				0C86248C1AB91A290042CAA8 /* Debug */,
				0C86248D1AB91A290042CAA8 /* Release */,
			);
			defaultConfigurationIsVisible = 0;
			defaultConfigurationName = Release;
		};
		0C9FBD561AE6F691001FB601 /* Build configuration list for PBXNativeTarget "WatchList WatchKit App" */ = {
			isa = XCConfigurationList;
			buildConfigurations = (
				0C9FBD541AE6F691001FB601 /* Debug */,
				0C9FBD551AE6F691001FB601 /* Release */,
			);
			defaultConfigurationIsVisible = 0;
			defaultConfigurationName = Release;
		};
		0C9FBD571AE6F691001FB601 /* Build configuration list for PBXNativeTarget "WatchList WatchKit Extension" */ = {
			isa = XCConfigurationList;
			buildConfigurations = (
				0C9FBD521AE6F691001FB601 /* Debug */,
				0C9FBD531AE6F691001FB601 /* Release */,
			);
			defaultConfigurationIsVisible = 0;
			defaultConfigurationName = Release;
		};
		9B7E02BD1AF02B850001C924 /* Build configuration list for PBXNativeTarget "DataBridge" */ = {
			isa = XCConfigurationList;
			buildConfigurations = (
				9B7E02BE1AF02B850001C924 /* Debug */,
				9B7E02BF1AF02B850001C924 /* Release */,
			);
			defaultConfigurationIsVisible = 0;
			defaultConfigurationName = Release;
		};
		9B7E02C11AF02B850001C924 /* Build configuration list for PBXNativeTarget "DataBridgeTests" */ = {
			isa = XCConfigurationList;
			buildConfigurations = (
				9B7E02C21AF02B850001C924 /* Debug */,
				9B7E02C31AF02B850001C924 /* Release */,
			);
			defaultConfigurationIsVisible = 0;
			defaultConfigurationName = Release;
		};
/* End XCConfigurationList section */

/* Begin XCVersionGroup section */
		9B491DB91AF05DBB00C0DD8B /* WatchList.xcdatamodeld */ = {
			isa = XCVersionGroup;
			children = (
				9B491DBA1AF05DBB00C0DD8B /* WatchList.xcdatamodel */,
			);
			currentVersion = 9B491DBA1AF05DBB00C0DD8B /* WatchList.xcdatamodel */;
			path = WatchList.xcdatamodeld;
			sourceTree = "<group>";
			versionGroupType = wrapper.xcdatamodel;
		};
/* End XCVersionGroup section */
	};
	rootObject = 0C8624611AB91A290042CAA8 /* Project object */;
}
