// !$*UTF8*$!
{
	archiveVersion = 1;
	classes = {
	};
	objectVersion = 46;
	objects = {

/* Begin PBXBuildFile section */
		0C86246F1AB91A290042CAA8 /* AppDelegate.swift in Sources */ = {isa = PBXBuildFile; fileRef = 0C86246E1AB91A290042CAA8 /* AppDelegate.swift */; };
		0C8624711AB91A290042CAA8 /* ViewController.swift in Sources */ = {isa = PBXBuildFile; fileRef = 0C8624701AB91A290042CAA8 /* ViewController.swift */; };
		0C8624741AB91A290042CAA8 /* Main.storyboard in Resources */ = {isa = PBXBuildFile; fileRef = 0C8624721AB91A290042CAA8 /* Main.storyboard */; };
		0C8624761AB91A290042CAA8 /* Images.xcassets in Resources */ = {isa = PBXBuildFile; fileRef = 0C8624751AB91A290042CAA8 /* Images.xcassets */; };
		0C8624791AB91A290042CAA8 /* LaunchScreen.xib in Resources */ = {isa = PBXBuildFile; fileRef = 0C8624771AB91A290042CAA8 /* LaunchScreen.xib */; };
		0C8624851AB91A290042CAA8 /* WatchListTests.swift in Sources */ = {isa = PBXBuildFile; fileRef = 0C8624841AB91A290042CAA8 /* WatchListTests.swift */; };
		0C8624911AB91E640042CAA8 /* README.md in Sources */ = {isa = PBXBuildFile; fileRef = 0C8624901AB91E630042CAA8 /* README.md */; };
/* End PBXBuildFile section */

/* Begin PBXContainerItemProxy section */
		0C86247F1AB91A290042CAA8 /* PBXContainerItemProxy */ = {
			isa = PBXContainerItemProxy;
			containerPortal = 0C8624611AB91A290042CAA8 /* Project object */;
			proxyType = 1;
			remoteGlobalIDString = 0C8624681AB91A290042CAA8;
			remoteInfo = WatchList;
		};
/* End PBXContainerItemProxy section */

/* Begin PBXFileReference section */
		0C8624691AB91A290042CAA8 /* WatchList.app */ = {isa = PBXFileReference; explicitFileType = wrapper.application; includeInIndex = 0; path = WatchList.app; sourceTree = BUILT_PRODUCTS_DIR; };
		0C86246D1AB91A290042CAA8 /* Info.plist */ = {isa = PBXFileReference; lastKnownFileType = text.plist.xml; path = Info.plist; sourceTree = "<group>"; };
		0C86246E1AB91A290042CAA8 /* AppDelegate.swift */ = {isa = PBXFileReference; lastKnownFileType = sourcecode.swift; path = AppDelegate.swift; sourceTree = "<group>"; };
		0C8624701AB91A290042CAA8 /* ViewController.swift */ = {isa = PBXFileReference; lastKnownFileType = sourcecode.swift; path = ViewController.swift; sourceTree = "<group>"; };
		0C8624731AB91A290042CAA8 /* Base */ = {isa = PBXFileReference; lastKnownFileType = file.storyboard; name = Base; path = Base.lproj/Main.storyboard; sourceTree = "<group>"; };
		0C8624751AB91A290042CAA8 /* Images.xcassets */ = {isa = PBXFileReference; lastKnownFileType = folder.assetcatalog; path = Images.xcassets; sourceTree = "<group>"; };
		0C8624781AB91A290042CAA8 /* Base */ = {isa = PBXFileReference; lastKnownFileType = file.xib; name = Base; path = Base.lproj/LaunchScreen.xib; sourceTree = "<group>"; };
		0C86247E1AB91A290042CAA8 /* WatchListTests.xctest */ = {isa = PBXFileReference; explicitFileType = wrapper.cfbundle; includeInIndex = 0; path = WatchListTests.xctest; sourceTree = BUILT_PRODUCTS_DIR; };
		0C8624831AB91A290042CAA8 /* Info.plist */ = {isa = PBXFileReference; lastKnownFileType = text.plist.xml; path = Info.plist; sourceTree = "<group>"; };
		0C8624841AB91A290042CAA8 /* WatchListTests.swift */ = {isa = PBXFileReference; lastKnownFileType = sourcecode.swift; path = WatchListTests.swift; sourceTree = "<group>"; };
		0C8624901AB91E630042CAA8 /* README.md */ = {isa = PBXFileReference; fileEncoding = 4; lastKnownFileType = net.daringfireball.markdown; path = README.md; sourceTree = "<group>"; };
/* End PBXFileReference section */

/* Begin PBXFrameworksBuildPhase section */
		0C8624661AB91A290042CAA8 /* Frameworks */ = {
			isa = PBXFrameworksBuildPhase;
			buildActionMask = 2147483647;
			files = (
			);
			runOnlyForDeploymentPostprocessing = 0;
		};
		0C86247B1AB91A290042CAA8 /* Frameworks */ = {
			isa = PBXFrameworksBuildPhase;
			buildActionMask = 2147483647;
			files = (
			);
			runOnlyForDeploymentPostprocessing = 0;
		};
/* End PBXFrameworksBuildPhase section */

/* Begin PBXGroup section */
		0C8624601AB91A290042CAA8 = {
			isa = PBXGroup;
			children = (
				0C8624901AB91E630042CAA8 /* README.md */,
				0C86246B1AB91A290042CAA8 /* WatchList */,
				0C8624811AB91A290042CAA8 /* WatchListTests */,
				0C86246A1AB91A290042CAA8 /* Products */,
			);
			sourceTree = "<group>";
		};
		0C86246A1AB91A290042CAA8 /* Products */ = {
			isa = PBXGroup;
			children = (
				0C8624691AB91A290042CAA8 /* WatchList.app */,
				0C86247E1AB91A290042CAA8 /* WatchListTests.xctest */,
			);
			name = Products;
			sourceTree = "<group>";
		};
		0C86246B1AB91A290042CAA8 /* WatchList */ = {
			isa = PBXGroup;
			children = (
				0C86246E1AB91A290042CAA8 /* AppDelegate.swift */,
				0C8624701AB91A290042CAA8 /* ViewController.swift */,
				0C8624721AB91A290042CAA8 /* Main.storyboard */,
				0C8624751AB91A290042CAA8 /* Images.xcassets */,
				0C8624771AB91A290042CAA8 /* LaunchScreen.xib */,
				0C86246C1AB91A290042CAA8 /* Supporting Files */,
			);
			path = WatchList;
			sourceTree = "<group>";
		};
		0C86246C1AB91A290042CAA8 /* Supporting Files */ = {
			isa = PBXGroup;
			children = (
				0C86246D1AB91A290042CAA8 /* Info.plist */,
			);
			name = "Supporting Files";
			sourceTree = "<group>";
		};
		0C8624811AB91A290042CAA8 /* WatchListTests */ = {
			isa = PBXGroup;
			children = (
				0C8624841AB91A290042CAA8 /* WatchListTests.swift */,
				0C8624821AB91A290042CAA8 /* Supporting Files */,
			);
			path = WatchListTests;
			sourceTree = "<group>";
		};
		0C8624821AB91A290042CAA8 /* Supporting Files */ = {
			isa = PBXGroup;
			children = (
				0C8624831AB91A290042CAA8 /* Info.plist */,
			);
			name = "Supporting Files";
			sourceTree = "<group>";
		};
/* End PBXGroup section */

/* Begin PBXNativeTarget section */
		0C8624681AB91A290042CAA8 /* WatchList */ = {
			isa = PBXNativeTarget;
			buildConfigurationList = 0C8624881AB91A290042CAA8 /* Build configuration list for PBXNativeTarget "WatchList" */;
			buildPhases = (
				0C8624651AB91A290042CAA8 /* Sources */,
				0C8624661AB91A290042CAA8 /* Frameworks */,
				0C8624671AB91A290042CAA8 /* Resources */,
			);
			buildRules = (
			);
			dependencies = (
			);
			name = WatchList;
			productName = WatchList;
			productReference = 0C8624691AB91A290042CAA8 /* WatchList.app */;
			productType = "com.apple.product-type.application";
		};
		0C86247D1AB91A290042CAA8 /* WatchListTests */ = {
			isa = PBXNativeTarget;
			buildConfigurationList = 0C86248B1AB91A290042CAA8 /* Build configuration list for PBXNativeTarget "WatchListTests" */;
			buildPhases = (
				0C86247A1AB91A290042CAA8 /* Sources */,
				0C86247B1AB91A290042CAA8 /* Frameworks */,
				0C86247C1AB91A290042CAA8 /* Resources */,
			);
			buildRules = (
			);
			dependencies = (
				0C8624801AB91A290042CAA8 /* PBXTargetDependency */,
			);
			name = WatchListTests;
			productName = WatchListTests;
			productReference = 0C86247E1AB91A290042CAA8 /* WatchListTests.xctest */;
			productType = "com.apple.product-type.bundle.unit-test";
		};
/* End PBXNativeTarget section */

/* Begin PBXProject section */
		0C8624611AB91A290042CAA8 /* Project object */ = {
			isa = PBXProject;
			attributes = {
				LastUpgradeCheck = 0620;
				ORGANIZATIONNAME = PhiLee;
				TargetAttributes = {
					0C8624681AB91A290042CAA8 = {
						CreatedOnToolsVersion = 6.2;
					};
					0C86247D1AB91A290042CAA8 = {
						CreatedOnToolsVersion = 6.2;
						TestTargetID = 0C8624681AB91A290042CAA8;
					};
				};
			};
			buildConfigurationList = 0C8624641AB91A290042CAA8 /* Build configuration list for PBXProject "WatchList" */;
			compatibilityVersion = "Xcode 3.2";
			developmentRegion = English;
			hasScannedForEncodings = 0;
			knownRegions = (
				en,
				Base,
			);
			mainGroup = 0C8624601AB91A290042CAA8;
			productRefGroup = 0C86246A1AB91A290042CAA8 /* Products */;
			projectDirPath = "";
			projectRoot = "";
			targets = (
				0C8624681AB91A290042CAA8 /* WatchList */,
				0C86247D1AB91A290042CAA8 /* WatchListTests */,
			);
		};
/* End PBXProject section */

/* Begin PBXResourcesBuildPhase section */
		0C8624671AB91A290042CAA8 /* Resources */ = {
			isa = PBXResourcesBuildPhase;
			buildActionMask = 2147483647;
			files = (
				0C8624741AB91A290042CAA8 /* Main.storyboard in Resources */,
				0C8624791AB91A290042CAA8 /* LaunchScreen.xib in Resources */,
				0C8624761AB91A290042CAA8 /* Images.xcassets in Resources */,
			);
			runOnlyForDeploymentPostprocessing = 0;
		};
		0C86247C1AB91A290042CAA8 /* Resources */ = {
			isa = PBXResourcesBuildPhase;
			buildActionMask = 2147483647;
			files = (
			);
			runOnlyForDeploymentPostprocessing = 0;
		};
/* End PBXResourcesBuildPhase section */

/* Begin PBXSourcesBuildPhase section */
		0C8624651AB91A290042CAA8 /* Sources */ = {
			isa = PBXSourcesBuildPhase;
			buildActionMask = 2147483647;
			files = (
				0C8624911AB91E640042CAA8 /* README.md in Sources */,
				0C8624711AB91A290042CAA8 /* ViewController.swift in Sources */,
				0C86246F1AB91A290042CAA8 /* AppDelegate.swift in Sources */,
			);
			runOnlyForDeploymentPostprocessing = 0;
		};
		0C86247A1AB91A290042CAA8 /* Sources */ = {
			isa = PBXSourcesBuildPhase;
			buildActionMask = 2147483647;
			files = (
				0C8624851AB91A290042CAA8 /* WatchListTests.swift in Sources */,
			);
			runOnlyForDeploymentPostprocessing = 0;
		};
/* End PBXSourcesBuildPhase section */

/* Begin PBXTargetDependency section */
		0C8624801AB91A290042CAA8 /* PBXTargetDependency */ = {
			isa = PBXTargetDependency;
			target = 0C8624681AB91A290042CAA8 /* WatchList */;
			targetProxy = 0C86247F1AB91A290042CAA8 /* PBXContainerItemProxy */;
		};
/* End PBXTargetDependency section */

/* Begin PBXVariantGroup section */
		0C8624721AB91A290042CAA8 /* Main.storyboard */ = {
			isa = PBXVariantGroup;
			children = (
				0C8624731AB91A290042CAA8 /* Base */,
			);
			name = Main.storyboard;
			sourceTree = "<group>";
		};
		0C8624771AB91A290042CAA8 /* LaunchScreen.xib */ = {
			isa = PBXVariantGroup;
			children = (
				0C8624781AB91A290042CAA8 /* Base */,
			);
			name = LaunchScreen.xib;
			sourceTree = "<group>";
		};
/* End PBXVariantGroup section */

/* Begin XCBuildConfiguration section */
		0C8624861AB91A290042CAA8 /* Debug */ = {
			isa = XCBuildConfiguration;
			buildSettings = {
				ALWAYS_SEARCH_USER_PATHS = NO;
				CLANG_CXX_LANGUAGE_STANDARD = "gnu++0x";
				CLANG_CXX_LIBRARY = "libc++";
				CLANG_ENABLE_MODULES = YES;
				CLANG_ENABLE_OBJC_ARC = YES;
				CLANG_WARN_BOOL_CONVERSION = YES;
				CLANG_WARN_CONSTANT_CONVERSION = YES;
				CLANG_WARN_DIRECT_OBJC_ISA_USAGE = YES_ERROR;
				CLANG_WARN_EMPTY_BODY = YES;
				CLANG_WARN_ENUM_CONVERSION = YES;
				CLANG_WARN_INT_CONVERSION = YES;
				CLANG_WARN_OBJC_ROOT_CLASS = YES_ERROR;
				CLANG_WARN_UNREACHABLE_CODE = YES;
				CLANG_WARN__DUPLICATE_METHOD_MATCH = YES;
				"CODE_SIGN_IDENTITY[sdk=iphoneos*]" = "iPhone Developer";
				COPY_PHASE_STRIP = NO;
				ENABLE_STRICT_OBJC_MSGSEND = YES;
				GCC_C_LANGUAGE_STANDARD = gnu99;
				GCC_DYNAMIC_NO_PIC = NO;
				GCC_OPTIMIZATION_LEVEL = 0;
				GCC_PREPROCESSOR_DEFINITIONS = (
					"DEBUG=1",
					"$(inherited)",
				);
				GCC_SYMBOLS_PRIVATE_EXTERN = NO;
				GCC_WARN_64_TO_32_BIT_CONVERSION = YES;
				GCC_WARN_ABOUT_RETURN_TYPE = YES_ERROR;
				GCC_WARN_UNDECLARED_SELECTOR = YES;
				GCC_WARN_UNINITIALIZED_AUTOS = YES_AGGRESSIVE;
				GCC_WARN_UNUSED_FUNCTION = YES;
				GCC_WARN_UNUSED_VARIABLE = YES;
				IPHONEOS_DEPLOYMENT_TARGET = 8.2;
				MTL_ENABLE_DEBUG_INFO = YES;
				ONLY_ACTIVE_ARCH = YES;
				SDKROOT = iphoneos;
				SWIFT_OPTIMIZATION_LEVEL = "-Onone";
				TARGETED_DEVICE_FAMILY = "1,2";
			};
			name = Debug;
		};
		0C8624871AB91A290042CAA8 /* Release */ = {
			isa = XCBuildConfiguration;
			buildSettings = {
				ALWAYS_SEARCH_USER_PATHS = NO;
				CLANG_CXX_LANGUAGE_STANDARD = "gnu++0x";
				CLANG_CXX_LIBRARY = "libc++";
				CLANG_ENABLE_MODULES = YES;
				CLANG_ENABLE_OBJC_ARC = YES;
				CLANG_WARN_BOOL_CONVERSION = YES;
				CLANG_WARN_CONSTANT_CONVERSION = YES;
				CLANG_WARN_DIRECT_OBJC_ISA_USAGE = YES_ERROR;
				CLANG_WARN_EMPTY_BODY = YES;
				CLANG_WARN_ENUM_CONVERSION = YES;
				CLANG_WARN_INT_CONVERSION = YES;
				CLANG_WARN_OBJC_ROOT_CLASS = YES_ERROR;
				CLANG_WARN_UNREACHABLE_CODE = YES;
				CLANG_WARN__DUPLICATE_METHOD_MATCH = YES;
				"CODE_SIGN_IDENTITY[sdk=iphoneos*]" = "iPhone Developer";
				COPY_PHASE_STRIP = NO;
				ENABLE_NS_ASSERTIONS = NO;
				ENABLE_STRICT_OBJC_MSGSEND = YES;
				GCC_C_LANGUAGE_STANDARD = gnu99;
				GCC_WARN_64_TO_32_BIT_CONVERSION = YES;
				GCC_WARN_ABOUT_RETURN_TYPE = YES_ERROR;
				GCC_WARN_UNDECLARED_SELECTOR = YES;
				GCC_WARN_UNINITIALIZED_AUTOS = YES_AGGRESSIVE;
				GCC_WARN_UNUSED_FUNCTION = YES;
				GCC_WARN_UNUSED_VARIABLE = YES;
				IPHONEOS_DEPLOYMENT_TARGET = 8.2;
				MTL_ENABLE_DEBUG_INFO = NO;
				SDKROOT = iphoneos;
				TARGETED_DEVICE_FAMILY = "1,2";
				VALIDATE_PRODUCT = YES;
			};
			name = Release;
		};
		0C8624891AB91A290042CAA8 /* Debug */ = {
			isa = XCBuildConfiguration;
			buildSettings = {
				ASSETCATALOG_COMPILER_APPICON_NAME = AppIcon;
				INFOPLIST_FILE = WatchList/Info.plist;
				LD_RUNPATH_SEARCH_PATHS = "$(inherited) @executable_path/Frameworks";
				PRODUCT_NAME = "$(TARGET_NAME)";
			};
			name = Debug;
		};
		0C86248A1AB91A290042CAA8 /* Release */ = {
			isa = XCBuildConfiguration;
			buildSettings = {
				ASSETCATALOG_COMPILER_APPICON_NAME = AppIcon;
				INFOPLIST_FILE = WatchList/Info.plist;
				LD_RUNPATH_SEARCH_PATHS = "$(inherited) @executable_path/Frameworks";
				PRODUCT_NAME = "$(TARGET_NAME)";
			};
			name = Release;
		};
		0C86248C1AB91A290042CAA8 /* Debug */ = {
			isa = XCBuildConfiguration;
			buildSettings = {
				BUNDLE_LOADER = "$(TEST_HOST)";
				FRAMEWORK_SEARCH_PATHS = (
					"$(SDKROOT)/Developer/Library/Frameworks",
					"$(inherited)",
				);
				GCC_PREPROCESSOR_DEFINITIONS = (
					"DEBUG=1",
					"$(inherited)",
				);
				INFOPLIST_FILE = WatchListTests/Info.plist;
				LD_RUNPATH_SEARCH_PATHS = "$(inherited) @executable_path/Frameworks @loader_path/Frameworks";
				PRODUCT_NAME = "$(TARGET_NAME)";
				TEST_HOST = "$(BUILT_PRODUCTS_DIR)/WatchList.app/WatchList";
			};
			name = Debug;
		};
		0C86248D1AB91A290042CAA8 /* Release */ = {
			isa = XCBuildConfiguration;
			buildSettings = {
				BUNDLE_LOADER = "$(TEST_HOST)";
				FRAMEWORK_SEARCH_PATHS = (
					"$(SDKROOT)/Developer/Library/Frameworks",
					"$(inherited)",
				);
				INFOPLIST_FILE = WatchListTests/Info.plist;
				LD_RUNPATH_SEARCH_PATHS = "$(inherited) @executable_path/Frameworks @loader_path/Frameworks";
				PRODUCT_NAME = "$(TARGET_NAME)";
				TEST_HOST = "$(BUILT_PRODUCTS_DIR)/WatchList.app/WatchList";
			};
			name = Release;
		};
/* End XCBuildConfiguration section */

/* Begin XCConfigurationList section */
		0C8624641AB91A290042CAA8 /* Build configuration list for PBXProject "WatchList" */ = {
			isa = XCConfigurationList;
			buildConfigurations = (
				0C8624861AB91A290042CAA8 /* Debug */,
				0C8624871AB91A290042CAA8 /* Release */,
			);
			defaultConfigurationIsVisible = 0;
			defaultConfigurationName = Release;
		};
		0C8624881AB91A290042CAA8 /* Build configuration list for PBXNativeTarget "WatchList" */ = {
			isa = XCConfigurationList;
			buildConfigurations = (
				0C8624891AB91A290042CAA8 /* Debug */,
				0C86248A1AB91A290042CAA8 /* Release */,
			);
			defaultConfigurationIsVisible = 0;
			defaultConfigurationName = Release;
		};
		0C86248B1AB91A290042CAA8 /* Build configuration list for PBXNativeTarget "WatchListTests" */ = {
			isa = XCConfigurationList;
			buildConfigurations = (
				0C86248C1AB91A290042CAA8 /* Debug */,
				0C86248D1AB91A290042CAA8 /* Release */,
			);
			defaultConfigurationIsVisible = 0;
			defaultConfigurationName = Release;
		};
/* End XCConfigurationList section */
	};
	rootObject = 0C8624611AB91A290042CAA8 /* Project object */;
}
