<?xml version="1.0" encoding="UTF-8"?>
<Scheme
   LastUpgradeVersion = "0630"
   version = "1.3">
   <BuildAction
      parallelizeBuildables = "YES"
      buildImplicitDependencies = "YES">
      <BuildActionEntries>
         <BuildActionEntry
            buildForTesting = "YES"
            buildForRunning = "YES"
            buildForProfiling = "YES"
            buildForArchiving = "YES"
            buildForAnalyzing = "YES">
            <BuildableReference
               BuildableIdentifier = "primary"
               BlueprintIdentifier = "0C9FBD421AE6F691001FB601"
               BuildableName = "WatchList WatchKit App.app"
               BlueprintName = "WatchList WatchKit App"
               ReferencedContainer = "container:WatchList.xcodeproj">
            </BuildableReference>
         </BuildActionEntry>
         <BuildActionEntry
            buildForTesting = "YES"
            buildForRunning = "YES"
            buildForProfiling = "YES"
            buildForArchiving = "YES"
            buildForAnalyzing = "YES">
            <BuildableReference
               BuildableIdentifier = "primary"
               BlueprintIdentifier = "0C9FBD351AE6F690001FB601"
               BuildableName = "WatchList WatchKit Extension.appex"
               BlueprintName = "WatchList WatchKit Extension"
               ReferencedContainer = "container:WatchList.xcodeproj">
            </BuildableReference>
         </BuildActionEntry>
         <BuildActionEntry
            buildForTesting = "YES"
            buildForRunning = "YES"
            buildForProfiling = "YES"
            buildForArchiving = "YES"
            buildForAnalyzing = "YES">
            <BuildableReference
               BuildableIdentifier = "primary"
               BlueprintIdentifier = "0C8624681AB91A290042CAA8"
               BuildableName = "WatchList.app"
               BlueprintName = "WatchList"
               ReferencedContainer = "container:WatchList.xcodeproj">
            </BuildableReference>
         </BuildActionEntry>
         <BuildActionEntry
            buildForTesting = "YES"
            buildForRunning = "YES"
            buildForProfiling = "NO"
            buildForArchiving = "NO"
            buildForAnalyzing = "YES">
            <BuildableReference
               BuildableIdentifier = "primary"
               BlueprintIdentifier = "9B7E02AD1AF02B850001C924"
               BuildableName = "DataBridgeTests.xctest"
               BlueprintName = "DataBridgeTests"
               ReferencedContainer = "container:WatchList.xcodeproj">
            </BuildableReference>
         </BuildActionEntry>
         <BuildActionEntry
            buildForTesting = "YES"
            buildForRunning = "YES"
            buildForProfiling = "NO"
            buildForArchiving = "NO"
            buildForAnalyzing = "YES">
            <BuildableReference
               BuildableIdentifier = "primary"
               BlueprintIdentifier = "9B836D6D1B1FACFB00720A8C"
               BuildableName = "GeoManagerTests.xctest"
               BlueprintName = "GeoManagerTests"
               ReferencedContainer = "container:WatchList.xcodeproj">
            </BuildableReference>
         </BuildActionEntry>
      </BuildActionEntries>
   </BuildAction>
   <TestAction
      selectedDebuggerIdentifier = "Xcode.DebuggerFoundation.Debugger.LLDB"
      selectedLauncherIdentifier = "Xcode.DebuggerFoundation.Launcher.LLDB"
      shouldUseLaunchSchemeArgsEnv = "YES"
      buildConfiguration = "Debug">
      <Testables>
         <TestableReference
            skipped = "NO">
            <BuildableReference
               BuildableIdentifier = "primary"
               BlueprintIdentifier = "9B7E02AD1AF02B850001C924"
               BuildableName = "DataBridgeTests.xctest"
               BlueprintName = "DataBridgeTests"
               ReferencedContainer = "container:WatchList.xcodeproj">
            </BuildableReference>
         </TestableReference>
         <TestableReference
            skipped = "NO">
            <BuildableReference
               BuildableIdentifier = "primary"
               BlueprintIdentifier = "9B836D6D1B1FACFB00720A8C"
               BuildableName = "GeoManagerTests.xctest"
               BlueprintName = "GeoManagerTests"
               ReferencedContainer = "container:WatchList.xcodeproj">
            </BuildableReference>
         </TestableReference>
      </Testables>
      <MacroExpansion>
         <BuildableReference
            BuildableIdentifier = "primary"
            BlueprintIdentifier = "0C9FBD421AE6F691001FB601"
            BuildableName = "WatchList WatchKit App.app"
            BlueprintName = "WatchList WatchKit App"
            ReferencedContainer = "container:WatchList.xcodeproj">
         </BuildableReference>
      </MacroExpansion>
   </TestAction>
   <LaunchAction
      selectedDebuggerIdentifier = "Xcode.DebuggerFoundation.Debugger.LLDB"
      selectedLauncherIdentifier = "Xcode.DebuggerFoundation.Launcher.LLDB"
      launchStyle = "0"
      useCustomWorkingDirectory = "NO"
      buildConfiguration = "Debug"
      ignoresPersistentStateOnLaunch = "NO"
      debugDocumentVersioning = "YES"
      allowLocationSimulation = "YES">
      <RemoteRunnable
         runnableDebuggingMode = "2"
         BundleIdentifier = "com.apple.springboard"
         RemotePath = "/WatchList">
         <BuildableReference
            BuildableIdentifier = "primary"
            BlueprintIdentifier = "0C9FBD421AE6F691001FB601"
            BuildableName = "WatchList WatchKit App.app"
            BlueprintName = "WatchList WatchKit App"
            ReferencedContainer = "container:WatchList.xcodeproj">
         </BuildableReference>
      </RemoteRunnable>
      <MacroExpansion>
         <BuildableReference
            BuildableIdentifier = "primary"
            BlueprintIdentifier = "0C9FBD421AE6F691001FB601"
            BuildableName = "WatchList WatchKit App.app"
            BlueprintName = "WatchList WatchKit App"
            ReferencedContainer = "container:WatchList.xcodeproj">
         </BuildableReference>
      </MacroExpansion>
      <AdditionalOptions>
      </AdditionalOptions>
   </LaunchAction>
   <ProfileAction
      shouldUseLaunchSchemeArgsEnv = "YES"
      savedToolIdentifier = ""
      useCustomWorkingDirectory = "NO"
      buildConfiguration = "Release"
      debugDocumentVersioning = "YES">
      <RemoteRunnable
         runnableDebuggingMode = "2"
         BundleIdentifier = "com.apple.springboard"
         RemotePath = "/WatchList">
         <BuildableReference
            BuildableIdentifier = "primary"
            BlueprintIdentifier = "0C9FBD421AE6F691001FB601"
            BuildableName = "WatchList WatchKit App.app"
            BlueprintName = "WatchList WatchKit App"
            ReferencedContainer = "container:WatchList.xcodeproj">
         </BuildableReference>
      </RemoteRunnable>
      <MacroExpansion>
         <BuildableReference
            BuildableIdentifier = "primary"
            BlueprintIdentifier = "0C9FBD421AE6F691001FB601"
            BuildableName = "WatchList WatchKit App.app"
            BlueprintName = "WatchList WatchKit App"
            ReferencedContainer = "container:WatchList.xcodeproj">
         </BuildableReference>
      </MacroExpansion>
   </ProfileAction>
   <AnalyzeAction
      buildConfiguration = "Debug">
   </AnalyzeAction>
   <ArchiveAction
      buildConfiguration = "Release"
      revealArchiveInOrganizer = "YES">
   </ArchiveAction>
</Scheme>
